// !$*UTF8*$!
{
	archiveVersion = 1;
	classes = {
	};
	objectVersion = 77;
	objects = {

/* Begin PBXBuildFile section */
		BF0798CF2E548CBE00949707 /* PerformanceConstants.swift in Sources */ = {isa = PBXBuildFile; fileRef = BF0798CD2E548CBE00949707 /* PerformanceConstants.swift */; };
		BF0798E42E54967600949707 /* TextureData.swift in Sources */ = {isa = PBXBuildFile; fileRef = BF0798E32E54967600949707 /* TextureData.swift */; };
		BF0798E62E5496AD00949707 /* MetalRenderer.swift in Sources */ = {isa = PBXBuildFile; fileRef = BF0798E52E5496AD00949707 /* MetalRenderer.swift */; };
		BF0798E82E5496EC00949707 /* MetalNode.swift in Sources */ = {isa = PBXBuildFile; fileRef = BF0798E72E5496EC00949707 /* MetalNode.swift */; };
		BF1A71272E5F2F39007EF611 /* NodeGraphProcessor.swift in Sources */ = {isa = PBXBuildFile; fileRef = BF1A71262E5F2F39007EF611 /* NodeGraphProcessor.swift */; };
		BF1A712B2E5F323B007EF611 /* NodeGraphExtensions.swift in Sources */ = {isa = PBXBuildFile; fileRef = BF1A712A2E5F3228007EF611 /* NodeGraphExtensions.swift */; };
		BF1A71352E5F36DB007EF611 /* CompositorTests in Sources */ = {isa = PBXBuildFile; fileRef = BF1A71342E5F36DB007EF611 /* CompositorTests */; };
		BF1A71372E5F36DB007EF611 /* SimpleNodeRegistryTests.swift in Sources */ = {isa = PBXBuildFile; fileRef = BF1A71362E5F36DB007EF611 /* SimpleNodeRegistryTests.swift */; };
		BF1A71522E5F39F9007EF611 /* XCTest.framework in Frameworks */ = {isa = PBXBuildFile; fileRef = BF0798C92E548B6B00949707 /* XCTest.framework */; };
		BF1A71532E5F39F9007EF611 /* XCTest.framework in Embed Frameworks */ = {isa = PBXBuildFile; fileRef = BF0798C92E548B6B00949707 /* XCTest.framework */; settings = {ATTRIBUTES = (CodeSignOnCopy, RemoveHeadersOnCopy, ); }; };
		BF1A715A2E604B36007EF611 /* CoreImageNode.swift in Sources */ = {isa = PBXBuildFile; fileRef = BF1A71592E604B36007EF611 /* CoreImageNode.swift */; };
		BF1A718E2E604E34007EF611 /* BrightnessNode.swift in Sources */ = {isa = PBXBuildFile; fileRef = BF1A718D2E604E34007EF611 /* BrightnessNode.swift */; };
		BF1A71902E60522E007EF611 /* NodeRegistry.swift in Sources */ = {isa = PBXBuildFile; fileRef = BF1A718F2E60522E007EF611 /* NodeRegistry.swift */; };
		BF8EDBA12E506E300040E898 /* CompositorView.swift in Sources */ = {isa = PBXBuildFile; fileRef = BF8EDB8A2E506E300040E898 /* CompositorView.swift */; };
		BF8EDBA22E506E300040E898 /* Color+NodeTypes.swift in Sources */ = {isa = PBXBuildFile; fileRef = BF8EDB802E506E300040E898 /* Color+NodeTypes.swift */; };
		BF8EDBA32E506E300040E898 /* NodeGraphRenderStyle.swift in Sources */ = {isa = PBXBuildFile; fileRef = BF8EDB8E2E506E300040E898 /* NodeGraphRenderStyle.swift */; };
		BF8EDBA42E506E300040E898 /* Compositor.xcdatamodeld in Sources */ = {isa = PBXBuildFile; fileRef = BF8EDB762E506E300040E898 /* Compositor.xcdatamodeld */; };
		BF8EDBA52E506E300040E898 /* NodeGraphViewModel.swift in Sources */ = {isa = PBXBuildFile; fileRef = BF8EDB7B2E506E300040E898 /* NodeGraphViewModel.swift */; };
		BF8EDBA62E506E300040E898 /* NodeGraphSelectionManager.swift in Sources */ = {isa = PBXBuildFile; fileRef = BF8EDB942E506E300040E898 /* NodeGraphSelectionManager.swift */; };
		BF8EDBA72E506E300040E898 /* InspectorPanel.swift in Sources */ = {isa = PBXBuildFile; fileRef = BF8EDB832E506E300040E898 /* InspectorPanel.swift */; };
		BF8EDBA82E506E300040E898 /* NodeGraphConnectionManager.swift in Sources */ = {isa = PBXBuildFile; fileRef = BF8EDB922E506E300040E898 /* NodeGraphConnectionManager.swift */; };
		BF8EDBA92E506E300040E898 /* TextureManager.swift in Sources */ = {isa = PBXBuildFile; fileRef = BF8EDB742E506E300040E898 /* TextureManager.swift */; };
		BF8EDBAA2E506E300040E898 /* Blur.metal in Sources */ = {isa = PBXBuildFile; fileRef = BF8EDB682E506E300040E898 /* Blur.metal */; };
		BF8EDBAB2E506E300040E898 /* NodeGraphPanel.swift in Sources */ = {isa = PBXBuildFile; fileRef = BF8EDB932E506E300040E898 /* NodeGraphPanel.swift */; };
		BF8EDBAC2E506E300040E898 /* NodeHeaderView.swift in Sources */ = {isa = PBXBuildFile; fileRef = BF8EDB852E506E300040E898 /* NodeHeaderView.swift */; };
		BF8EDBB02E506E300040E898 /* Color.metal in Sources */ = {isa = PBXBuildFile; fileRef = BF8EDB6E2E506E300040E898 /* Color.metal */; };
		BF8EDBB12E506E300040E898 /* NodePanelEventHandler.swift in Sources */ = {isa = PBXBuildFile; fileRef = BF8EDB952E506E300040E898 /* NodePanelEventHandler.swift */; };
		BF8EDBB22E506E300040E898 /* NodeFactory.swift in Sources */ = {isa = PBXBuildFile; fileRef = BF8EDB622E506E300040E898 /* NodeFactory.swift */; };
		BF8EDBB32E506E300040E898 /* VideoScrubber.swift in Sources */ = {isa = PBXBuildFile; fileRef = BF8EDB882E506E300040E898 /* VideoScrubber.swift */; };
		BF8EDBB42E506E300040E898 /* ContentView.swift in Sources */ = {isa = PBXBuildFile; fileRef = BF8EDB8B2E506E300040E898 /* ContentView.swift */; };
		BF8EDBB52E506E300040E898 /* NodeGraph.swift in Sources */ = {isa = PBXBuildFile; fileRef = BF8EDB632E506E300040E898 /* NodeGraph.swift */; };
		BF8EDBB62E506E300040E898 /* MetalNodeGraphCanvas.swift in Sources */ = {isa = PBXBuildFile; fileRef = BF8EDB902E506E300040E898 /* MetalNodeGraphCanvas.swift */; };
		BF8EDBB72E506E300040E898 /* InputNodeInspector.swift in Sources */ = {isa = PBXBuildFile; fileRef = BF8EDB822E506E300040E898 /* InputNodeInspector.swift */; };
		BF8EDBB82E506E300040E898 /* NodeViewConstants.swift in Sources */ = {isa = PBXBuildFile; fileRef = BF8EDB7D2E506E300040E898 /* NodeViewConstants.swift */; };
		BF8EDBB92E506E300040E898 /* VideoInspectorControls.swift in Sources */ = {isa = PBXBuildFile; fileRef = BF8EDB872E506E300040E898 /* VideoInspectorControls.swift */; };
		BF8EDBBC2E506E300040E898 /* Edge.metal in Sources */ = {isa = PBXBuildFile; fileRef = BF8EDB692E506E300040E898 /* Edge.metal */; };
		BF8EDBBD2E506E300040E898 /* NodeView.swift in Sources */ = {isa = PBXBuildFile; fileRef = BF8EDB962E506E300040E898 /* NodeView.swift */; };
		BF8EDBBF2E506E300040E898 /* MetalNodeInspector.swift in Sources */ = {isa = PBXBuildFile; fileRef = BF8EDB842E506E300040E898 /* MetalNodeInspector.swift */; };
		BF8EDBC02E506E300040E898 /* Merge.metal in Sources */ = {isa = PBXBuildFile; fileRef = BF8EDB6A2E506E300040E898 /* Merge.metal */; };
		BF8EDBC12E506E300040E898 /* ViewerPanelController.swift in Sources */ = {isa = PBXBuildFile; fileRef = BF8EDB9B2E506E300040E898 /* ViewerPanelController.swift */; };
		BF8EDBC32E506E300040E898 /* NotificationNames.swift in Sources */ = {isa = PBXBuildFile; fileRef = BF8EDB7E2E506E300040E898 /* NotificationNames.swift */; };
		BF8EDBC42E506E300040E898 /* NodeGraphCache.swift in Sources */ = {isa = PBXBuildFile; fileRef = BF8EDB912E506E300040E898 /* NodeGraphCache.swift */; };
		BF8EDBC52E506E300040E898 /* Types.metal in Sources */ = {isa = PBXBuildFile; fileRef = BF8EDB6F2E506E300040E898 /* Types.metal */; };
		BF8EDBC62E506E300040E898 /* ViewerPanel.swift in Sources */ = {isa = PBXBuildFile; fileRef = BF8EDB9A2E506E300040E898 /* ViewerPanel.swift */; };
		BF8EDBC72E506E300040E898 /* MetalRenderingManager.swift in Sources */ = {isa = PBXBuildFile; fileRef = BF8EDB732E506E300040E898 /* MetalRenderingManager.swift */; };
		BF8EDBC82E506E300040E898 /* MetalSettingsPanel.swift in Sources */ = {isa = PBXBuildFile; fileRef = BF8EDB982E506E300040E898 /* MetalSettingsPanel.swift */; };
		BF8EDBC92E506E300040E898 /* NodeInspectors.swift in Sources */ = {isa = PBXBuildFile; fileRef = BF8EDB862E506E300040E898 /* NodeInspectors.swift */; };
		BF8EDBCA2E506E300040E898 /* UIPrimitives.metal in Sources */ = {isa = PBXBuildFile; fileRef = BF8EDB6C2E506E300040E898 /* UIPrimitives.metal */; };
		BFBAE05B2E551255000A7D70 /* PerformanceSettingsView.swift in Sources */ = {isa = PBXBuildFile; fileRef = BFBAE05A2E551255000A7D70 /* PerformanceSettingsView.swift */; };
		BFBAE05D2E5512A1000A7D70 /* IntegratedSettingsPanel.swift in Sources */ = {isa = PBXBuildFile; fileRef = BFBAE05C2E5512A1000A7D70 /* IntegratedSettingsPanel.swift */; };
		BFCD14192E537E6400FE99DD /* MetalFXManager.swift in Sources */ = {isa = PBXBuildFile; fileRef = BFCD140E2E537E6400FE99DD /* MetalFXManager.swift */; };
		BFCD141A2E537E6400FE99DD /* MPSProcessor.swift in Sources */ = {isa = PBXBuildFile; fileRef = BFCD140F2E537E6400FE99DD /* MPSProcessor.swift */; };
		BFCD141E2E537E6400FE99DD /* PerformanceOptimizer.swift in Sources */ = {isa = PBXBuildFile; fileRef = BFCD14102E537E6400FE99DD /* PerformanceOptimizer.swift */; };
		BFCD141F2E537E6400FE99DD /* ProcessingStrategy.swift in Sources */ = {isa = PBXBuildFile; fileRef = BFCD14112E537E6400FE99DD /* ProcessingStrategy.swift */; };
		BFCD142A2E53827D00FE99DD /* NodeConnection.swift in Sources */ = {isa = PBXBuildFile; fileRef = BFCD14272E53827D00FE99DD /* NodeConnection.swift */; };
		BFCD142C2E53827D00FE99DD /* InputNode.swift in Sources */ = {isa = PBXBuildFile; fileRef = BFCD14232E53827D00FE99DD /* InputNode.swift */; };
		BFCD142D2E53827D00FE99DD /* ViewNode.swift in Sources */ = {isa = PBXBuildFile; fileRef = BFCD14252E53827D00FE99DD /* ViewNode.swift */; };
		BFCD142E2E53827D00FE99DD /* BaseNode.swift in Sources */ = {isa = PBXBuildFile; fileRef = BFCD14202E53827D00FE99DD /* BaseNode.swift */; };
		BFCD14302E53827D00FE99DD /* NodeTypes.swift in Sources */ = {isa = PBXBuildFile; fileRef = BFCD14282E53827D00FE99DD /* NodeTypes.swift */; };
		BFCD14312E53827D00FE99DD /* BlurNode.swift in Sources */ = {isa = PBXBuildFile; fileRef = BFCD14242E53827D00FE99DD /* BlurNode.swift */; };
		BFCD14372E5382A800FE99DD /* VideoProcessor.swift in Sources */ = {isa = PBXBuildFile; fileRef = BFCD14352E5382A800FE99DD /* VideoProcessor.swift */; };
		BFCD14392E53846000FE99DD /* MediaFormatSupport.swift in Sources */ = {isa = PBXBuildFile; fileRef = BFCD14382E53846000FE99DD /* MediaFormatSupport.swift */; };
		BFCD143B2E53848300FE99DD /* UniversalMediaProcessor.swift in Sources */ = {isa = PBXBuildFile; fileRef = BFCD143A2E53848300FE99DD /* UniversalMediaProcessor.swift */; };
		BFCD143F2E5384B400FE99DD /* ProResAdapter.swift in Sources */ = {isa = PBXBuildFile; fileRef = BFCD143C2E5384B400FE99DD /* ProResAdapter.swift */; };
		BFCD14402E5384B400FE99DD /* ProResProtocols.swift in Sources */ = {isa = PBXBuildFile; fileRef = BFCD143E2E5384B400FE99DD /* ProResProtocols.swift */; };
		BFCD14412E5384B400FE99DD /* ProResProcessor.swift in Sources */ = {isa = PBXBuildFile; fileRef = BFCD143D2E5384B400FE99DD /* ProResProcessor.swift */; };
		BFD2D8DD2E1F2C8600BFAC11 /* CompositorApp.swift in Sources */ = {isa = PBXBuildFile; fileRef = BFD2D8DC2E1F2C8600BFAC11 /* CompositorApp.swift */; };
		BFD2D8E12E1F2C8900BFAC11 /* Assets.xcassets in Resources */ = {isa = PBXBuildFile; fileRef = BFD2D8E02E1F2C8900BFAC11 /* Assets.xcassets */; };
		BFD2D8EE2E1F2E1A00BFAC11 /* README.md in Resources */ = {isa = PBXBuildFile; fileRef = BFD2D8ED2E1F2E1400BFAC11 /* README.md */; };
		BFD2D93B2E200DF900BFAC11 /* LICENSE.md in Resources */ = {isa = PBXBuildFile; fileRef = BFD2D93A2E200DF500BFAC11 /* LICENSE.md */; };
/* End PBXBuildFile section */

/* Begin PBXContainerItemProxy section */
		BF1A713D2E5F39EB007EF611 /* PBXContainerItemProxy */ = {
			isa = PBXContainerItemProxy;
			containerPortal = BFD2D8D12E1F2C8600BFAC11 /* Project object */;
			proxyType = 1;
			remoteGlobalIDString = BFD2D8D82E1F2C8600BFAC11;
			remoteInfo = Compositor;
		};
/* End PBXContainerItemProxy section */

/* Begin PBXCopyFilesBuildPhase section */
		BF1A71542E5F39F9007EF611 /* Embed Frameworks */ = {
			isa = PBXCopyFilesBuildPhase;
			buildActionMask = 2147483647;
			dstPath = "";
			dstSubfolderSpec = 10;
			files = (
				BF1A71532E5F39F9007EF611 /* XCTest.framework in Embed Frameworks */,
			);
			name = "Embed Frameworks";
			runOnlyForDeploymentPostprocessing = 0;
		};
/* End PBXCopyFilesBuildPhase section */

/* Begin PBXFileReference section */
		BF0798C92E548B6B00949707 /* XCTest.framework */ = {isa = PBXFileReference; lastKnownFileType = wrapper.framework; name = XCTest.framework; path = Platforms/MacOSX.platform/Developer/Library/Frameworks/XCTest.framework; sourceTree = DEVELOPER_DIR; };
		BF0798CD2E548CBE00949707 /* PerformanceConstants.swift */ = {isa = PBXFileReference; lastKnownFileType = sourcecode.swift; path = PerformanceConstants.swift; sourceTree = "<group>"; };
		BF0798E32E54967600949707 /* TextureData.swift */ = {isa = PBXFileReference; lastKnownFileType = sourcecode.swift; path = TextureData.swift; sourceTree = "<group>"; };
		BF0798E52E5496AD00949707 /* MetalRenderer.swift */ = {isa = PBXFileReference; lastKnownFileType = sourcecode.swift; path = MetalRenderer.swift; sourceTree = "<group>"; };
		BF0798E72E5496EC00949707 /* MetalNode.swift */ = {isa = PBXFileReference; lastKnownFileType = sourcecode.swift; path = MetalNode.swift; sourceTree = "<group>"; };
		BF1A71262E5F2F39007EF611 /* NodeGraphProcessor.swift */ = {isa = PBXFileReference; lastKnownFileType = sourcecode.swift; path = NodeGraphProcessor.swift; sourceTree = "<group>"; };
		BF1A712A2E5F3228007EF611 /* NodeGraphExtensions.swift */ = {isa = PBXFileReference; lastKnownFileType = sourcecode.swift; path = NodeGraphExtensions.swift; sourceTree = "<group>"; };
		BF1A712D2E5F36DB007EF611 /* Info.plist */ = {isa = PBXFileReference; lastKnownFileType = text.plist.xml; path = Info.plist; sourceTree = "<group>"; };


		BF1A71362E5F36DB007EF611 /* SimpleNodeRegistryTests.swift */ = {isa = PBXFileReference; lastKnownFileType = sourcecode.swift; path = SimpleNodeRegistryTests.swift; sourceTree = "<group>"; };
		BF1A71392E5F39EB007EF611 /* CompositorTests.xctest */ = {isa = PBXFileReference; explicitFileType = wrapper.cfbundle; includeInIndex = 0; path = CompositorTests.xctest; sourceTree = BUILT_PRODUCTS_DIR; };
		BF1A71592E604B36007EF611 /* CoreImageNode.swift */ = {isa = PBXFileReference; lastKnownFileType = sourcecode.swift; path = CoreImageNode.swift; sourceTree = "<group>"; };
		BF1A718D2E604E34007EF611 /* BrightnessNode.swift */ = {isa = PBXFileReference; lastKnownFileType = sourcecode.swift; path = BrightnessNode.swift; sourceTree = "<group>"; };
		BF1A718F2E60522E007EF611 /* NodeRegistry.swift */ = {isa = PBXFileReference; lastKnownFileType = sourcecode.swift; path = NodeRegistry.swift; sourceTree = "<group>"; };
		BF8EDB562E506BBA0040E898 /* DIContainer.swift */ = {isa = PBXFileReference; lastKnownFileType = sourcecode.swift; path = DIContainer.swift; sourceTree = "<group>"; };
		BF8EDB622E506E300040E898 /* NodeFactory.swift */ = {isa = PBXFileReference; lastKnownFileType = sourcecode.swift; path = NodeFactory.swift; sourceTree = "<group>"; };
		BF8EDB632E506E300040E898 /* NodeGraph.swift */ = {isa = PBXFileReference; lastKnownFileType = sourcecode.swift; path = NodeGraph.swift; sourceTree = "<group>"; };
		BF8EDB682E506E300040E898 /* Blur.metal */ = {isa = PBXFileReference; lastKnownFileType = sourcecode.metal; path = Blur.metal; sourceTree = "<group>"; };
		BF8EDB692E506E300040E898 /* Edge.metal */ = {isa = PBXFileReference; lastKnownFileType = sourcecode.metal; path = Edge.metal; sourceTree = "<group>"; };
		BF8EDB6A2E506E300040E898 /* Merge.metal */ = {isa = PBXFileReference; lastKnownFileType = sourcecode.metal; path = Merge.metal; sourceTree = "<group>"; };
		BF8EDB6C2E506E300040E898 /* UIPrimitives.metal */ = {isa = PBXFileReference; lastKnownFileType = sourcecode.metal; path = UIPrimitives.metal; sourceTree = "<group>"; };
		BF8EDB6E2E506E300040E898 /* Color.metal */ = {isa = PBXFileReference; lastKnownFileType = sourcecode.metal; path = Color.metal; sourceTree = "<group>"; };
		BF8EDB6F2E506E300040E898 /* Types.metal */ = {isa = PBXFileReference; lastKnownFileType = sourcecode.metal; path = Types.metal; sourceTree = "<group>"; };
		BF8EDB732E506E300040E898 /* MetalRenderingManager.swift */ = {isa = PBXFileReference; lastKnownFileType = sourcecode.swift; path = MetalRenderingManager.swift; sourceTree = "<group>"; };
		BF8EDB742E506E300040E898 /* TextureManager.swift */ = {isa = PBXFileReference; lastKnownFileType = sourcecode.swift; path = TextureManager.swift; sourceTree = "<group>"; };
		BF8EDB7B2E506E300040E898 /* NodeGraphViewModel.swift */ = {isa = PBXFileReference; lastKnownFileType = sourcecode.swift; path = NodeGraphViewModel.swift; sourceTree = "<group>"; };
		BF8EDB7D2E506E300040E898 /* NodeViewConstants.swift */ = {isa = PBXFileReference; lastKnownFileType = sourcecode.swift; path = NodeViewConstants.swift; sourceTree = "<group>"; };
		BF8EDB7E2E506E300040E898 /* NotificationNames.swift */ = {isa = PBXFileReference; lastKnownFileType = sourcecode.swift; path = NotificationNames.swift; sourceTree = "<group>"; };
		BF8EDB802E506E300040E898 /* Color+NodeTypes.swift */ = {isa = PBXFileReference; lastKnownFileType = sourcecode.swift; path = "Color+NodeTypes.swift"; sourceTree = "<group>"; };
		BF8EDB822E506E300040E898 /* InputNodeInspector.swift */ = {isa = PBXFileReference; lastKnownFileType = sourcecode.swift; path = InputNodeInspector.swift; sourceTree = "<group>"; };
		BF8EDB832E506E300040E898 /* InspectorPanel.swift */ = {isa = PBXFileReference; lastKnownFileType = sourcecode.swift; path = InspectorPanel.swift; sourceTree = "<group>"; };
		BF8EDB842E506E300040E898 /* MetalNodeInspector.swift */ = {isa = PBXFileReference; lastKnownFileType = sourcecode.swift; path = MetalNodeInspector.swift; sourceTree = "<group>"; };
		BF8EDB852E506E300040E898 /* NodeHeaderView.swift */ = {isa = PBXFileReference; lastKnownFileType = sourcecode.swift; path = NodeHeaderView.swift; sourceTree = "<group>"; };
		BF8EDB862E506E300040E898 /* NodeInspectors.swift */ = {isa = PBXFileReference; lastKnownFileType = sourcecode.swift; path = NodeInspectors.swift; sourceTree = "<group>"; };
		BF8EDB872E506E300040E898 /* VideoInspectorControls.swift */ = {isa = PBXFileReference; lastKnownFileType = sourcecode.swift; path = VideoInspectorControls.swift; sourceTree = "<group>"; };
		BF8EDB882E506E300040E898 /* VideoScrubber.swift */ = {isa = PBXFileReference; lastKnownFileType = sourcecode.swift; path = VideoScrubber.swift; sourceTree = "<group>"; };
		BF8EDB8A2E506E300040E898 /* CompositorView.swift */ = {isa = PBXFileReference; lastKnownFileType = sourcecode.swift; path = CompositorView.swift; sourceTree = "<group>"; };
		BF8EDB8B2E506E300040E898 /* ContentView.swift */ = {isa = PBXFileReference; lastKnownFileType = sourcecode.swift; path = ContentView.swift; sourceTree = "<group>"; };
		BF8EDB8E2E506E300040E898 /* NodeGraphRenderStyle.swift */ = {isa = PBXFileReference; lastKnownFileType = sourcecode.swift; path = NodeGraphRenderStyle.swift; sourceTree = "<group>"; };
		BF8EDB902E506E300040E898 /* MetalNodeGraphCanvas.swift */ = {isa = PBXFileReference; lastKnownFileType = sourcecode.swift; path = MetalNodeGraphCanvas.swift; sourceTree = "<group>"; };
		BF8EDB912E506E300040E898 /* NodeGraphCache.swift */ = {isa = PBXFileReference; lastKnownFileType = sourcecode.swift; path = NodeGraphCache.swift; sourceTree = "<group>"; };
		BF8EDB922E506E300040E898 /* NodeGraphConnectionManager.swift */ = {isa = PBXFileReference; lastKnownFileType = sourcecode.swift; path = NodeGraphConnectionManager.swift; sourceTree = "<group>"; };
		BF8EDB932E506E300040E898 /* NodeGraphPanel.swift */ = {isa = PBXFileReference; lastKnownFileType = sourcecode.swift; path = NodeGraphPanel.swift; sourceTree = "<group>"; };
		BF8EDB942E506E300040E898 /* NodeGraphSelectionManager.swift */ = {isa = PBXFileReference; lastKnownFileType = sourcecode.swift; path = NodeGraphSelectionManager.swift; sourceTree = "<group>"; };
		BF8EDB952E506E300040E898 /* NodePanelEventHandler.swift */ = {isa = PBXFileReference; lastKnownFileType = sourcecode.swift; path = NodePanelEventHandler.swift; sourceTree = "<group>"; };
		BF8EDB962E506E300040E898 /* NodeView.swift */ = {isa = PBXFileReference; lastKnownFileType = sourcecode.swift; path = NodeView.swift; sourceTree = "<group>"; };
		BF8EDB982E506E300040E898 /* MetalSettingsPanel.swift */ = {isa = PBXFileReference; lastKnownFileType = sourcecode.swift; path = MetalSettingsPanel.swift; sourceTree = "<group>"; };
		BF8EDB9A2E506E300040E898 /* ViewerPanel.swift */ = {isa = PBXFileReference; lastKnownFileType = sourcecode.swift; path = ViewerPanel.swift; sourceTree = "<group>"; };
		BF8EDB9B2E506E300040E898 /* ViewerPanelController.swift */ = {isa = PBXFileReference; lastKnownFileType = sourcecode.swift; path = ViewerPanelController.swift; sourceTree = "<group>"; };
		BF8EDB9F2E506E300040E898 /* Compositor.xcdatamodel */ = {isa = PBXFileReference; lastKnownFileType = wrapper.xcdatamodel; path = Compositor.xcdatamodel; sourceTree = "<group>"; };
		BFBAE04F2E54BBF9000A7D70 /* Compositor-Info.plist */ = {isa = PBXFileReference; lastKnownFileType = text.plist.xml; path = "Compositor-Info.plist"; sourceTree = "<group>"; };
		BFBAE05A2E551255000A7D70 /* PerformanceSettingsView.swift */ = {isa = PBXFileReference; lastKnownFileType = sourcecode.swift; path = PerformanceSettingsView.swift; sourceTree = "<group>"; };
		BFBAE05C2E5512A1000A7D70 /* IntegratedSettingsPanel.swift */ = {isa = PBXFileReference; lastKnownFileType = sourcecode.swift; path = IntegratedSettingsPanel.swift; sourceTree = "<group>"; };
		BFCD140E2E537E6400FE99DD /* MetalFXManager.swift */ = {isa = PBXFileReference; lastKnownFileType = sourcecode.swift; path = MetalFXManager.swift; sourceTree = "<group>"; };
		BFCD140F2E537E6400FE99DD /* MPSProcessor.swift */ = {isa = PBXFileReference; lastKnownFileType = sourcecode.swift; path = MPSProcessor.swift; sourceTree = "<group>"; };
		BFCD14102E537E6400FE99DD /* PerformanceOptimizer.swift */ = {isa = PBXFileReference; lastKnownFileType = sourcecode.swift; path = PerformanceOptimizer.swift; sourceTree = "<group>"; };
		BFCD14112E537E6400FE99DD /* ProcessingStrategy.swift */ = {isa = PBXFileReference; lastKnownFileType = sourcecode.swift; path = ProcessingStrategy.swift; sourceTree = "<group>"; };
		BFCD14202E53827D00FE99DD /* BaseNode.swift */ = {isa = PBXFileReference; lastKnownFileType = sourcecode.swift; path = BaseNode.swift; sourceTree = "<group>"; };
		BFCD14232E53827D00FE99DD /* InputNode.swift */ = {isa = PBXFileReference; lastKnownFileType = sourcecode.swift; path = InputNode.swift; sourceTree = "<group>"; };
		BFCD14242E53827D00FE99DD /* BlurNode.swift */ = {isa = PBXFileReference; lastKnownFileType = sourcecode.swift; path = BlurNode.swift; sourceTree = "<group>"; };
		BFCD14252E53827D00FE99DD /* ViewNode.swift */ = {isa = PBXFileReference; lastKnownFileType = sourcecode.swift; path = ViewNode.swift; sourceTree = "<group>"; };
		BFCD14272E53827D00FE99DD /* NodeConnection.swift */ = {isa = PBXFileReference; lastKnownFileType = sourcecode.swift; path = NodeConnection.swift; sourceTree = "<group>"; };
		BFCD14282E53827D00FE99DD /* NodeTypes.swift */ = {isa = PBXFileReference; lastKnownFileType = sourcecode.swift; path = NodeTypes.swift; sourceTree = "<group>"; };
		BFCD14352E5382A800FE99DD /* VideoProcessor.swift */ = {isa = PBXFileReference; lastKnownFileType = sourcecode.swift; path = VideoProcessor.swift; sourceTree = "<group>"; };
		BFCD14382E53846000FE99DD /* MediaFormatSupport.swift */ = {isa = PBXFileReference; lastKnownFileType = sourcecode.swift; path = MediaFormatSupport.swift; sourceTree = "<group>"; };
		BFCD143A2E53848300FE99DD /* UniversalMediaProcessor.swift */ = {isa = PBXFileReference; lastKnownFileType = sourcecode.swift; path = UniversalMediaProcessor.swift; sourceTree = "<group>"; };
		BFCD143C2E5384B400FE99DD /* ProResAdapter.swift */ = {isa = PBXFileReference; lastKnownFileType = sourcecode.swift; path = ProResAdapter.swift; sourceTree = "<group>"; };
		BFCD143D2E5384B400FE99DD /* ProResProcessor.swift */ = {isa = PBXFileReference; lastKnownFileType = sourcecode.swift; path = ProResProcessor.swift; sourceTree = "<group>"; };
		BFCD143E2E5384B400FE99DD /* ProResProtocols.swift */ = {isa = PBXFileReference; lastKnownFileType = sourcecode.swift; path = ProResProtocols.swift; sourceTree = "<group>"; };
		BFD2D8D92E1F2C8600BFAC11 /* Compositor.app */ = {isa = PBXFileReference; explicitFileType = wrapper.application; includeInIndex = 0; path = Compositor.app; sourceTree = BUILT_PRODUCTS_DIR; };
		BFD2D8DC2E1F2C8600BFAC11 /* CompositorApp.swift */ = {isa = PBXFileReference; lastKnownFileType = sourcecode.swift; path = CompositorApp.swift; sourceTree = "<group>"; };
		BFD2D8E02E1F2C8900BFAC11 /* Assets.xcassets */ = {isa = PBXFileReference; lastKnownFileType = folder.assetcatalog; path = Assets.xcassets; sourceTree = "<group>"; };
		BFD2D8E72E1F2C8900BFAC11 /* Compositor.entitlements */ = {isa = PBXFileReference; lastKnownFileType = text.plist.entitlements; path = Compositor.entitlements; sourceTree = "<group>"; };
		BFD2D8ED2E1F2E1400BFAC11 /* README.md */ = {isa = PBXFileReference; lastKnownFileType = net.daringfireball.markdown; path = README.md; sourceTree = "<group>"; };
		BFD2D93A2E200DF500BFAC11 /* LICENSE.md */ = {isa = PBXFileReference; lastKnownFileType = net.daringfireball.markdown; path = LICENSE.md; sourceTree = "<group>"; };
/* End PBXFileReference section */

/* Begin PBXFileSystemSynchronizedRootGroup section */
		BF1A713A2E5F39EB007EF611 /* CompositorTests */ = {
			isa = PBXFileSystemSynchronizedRootGroup;
			path = CompositorTests;
			sourceTree = "<group>";
		};
/* End PBXFileSystemSynchronizedRootGroup section */

/* Begin PBXFrameworksBuildPhase section */
		BF1A71362E5F39EB007EF611 /* Frameworks */ = {
			isa = PBXFrameworksBuildPhase;
			buildActionMask = 2147483647;
			files = (
				BF1A71522E5F39F9007EF611 /* XCTest.framework in Frameworks */,
			);
			runOnlyForDeploymentPostprocessing = 0;
		};
		BFD2D8D62E1F2C8600BFAC11 /* Frameworks */ = {
			isa = PBXFrameworksBuildPhase;
			buildActionMask = 2147483647;
			files = (
			);
			runOnlyForDeploymentPostprocessing = 0;
		};
/* End PBXFrameworksBuildPhase section */

/* Begin PBXGroup section */
		BF0798C82E548B6A00949707 /* Frameworks */ = {
			isa = PBXGroup;
			children = (
				BF0798C92E548B6B00949707 /* XCTest.framework */,
			);
			name = Frameworks;
			sourceTree = "<group>";
		};
		BF0798CE2E548CBE00949707 /* Configuration */ = {
			isa = PBXGroup;
			children = (
				BF0798CD2E548CBE00949707 /* PerformanceConstants.swift */,
			);
			path = Configuration;
			sourceTree = "<group>";
		};
		BF1A71342E5F36DB007EF611 /* CompositorTests */ = {
			isa = PBXGroup;
			children = (
				BF1A712D2E5F36DB007EF611 /* Info.plist */,


				BF1A71362E5F36DB007EF611 /* SimpleNodeRegistryTests.swift */,
			);
			path = CompositorTests;
			sourceTree = "<group>";
		};
		BF8EDB612E506E300040E898 /* Models */ = {
			isa = PBXGroup;
			children = (
				BFCD14262E53827D00FE99DD /* Nodes */,
				BFCD14292E53827D00FE99DD /* Support */,
			);
			path = Models;
			sourceTree = "<group>";
		};
		BF8EDB642E506E300040E898 /* Services */ = {
			isa = PBXGroup;
			children = (
				BF8EDB622E506E300040E898 /* NodeFactory.swift */,
				BF8EDB632E506E300040E898 /* NodeGraph.swift */,
				BF1A712A2E5F3228007EF611 /* NodeGraphExtensions.swift */,
			);
			path = Services;
			sourceTree = "<group>";
		};
		BF8EDB662E506E300040E898 /* UseCases */ = {
			isa = PBXGroup;
			children = (
				BF1A71262E5F2F39007EF611 /* NodeGraphProcessor.swift */,
			);
			path = UseCases;
			sourceTree = "<group>";
		};
		BF8EDB672E506E300040E898 /* Domain */ = {
			isa = PBXGroup;
			children = (
				BF8EDB612E506E300040E898 /* Models */,
				BF8EDB642E506E300040E898 /* Services */,
				BF8EDB662E506E300040E898 /* UseCases */,
			);
			path = Domain;
			sourceTree = "<group>";
		};
		BF8EDB6B2E506E300040E898 /* Compute */ = {
			isa = PBXGroup;
			children = (
				BF8EDB682E506E300040E898 /* Blur.metal */,
				BF8EDB692E506E300040E898 /* Edge.metal */,
				BF8EDB6A2E506E300040E898 /* Merge.metal */,
			);
			path = Compute;
			sourceTree = "<group>";
		};
		BF8EDB6D2E506E300040E898 /* UI */ = {
			isa = PBXGroup;
			children = (
				BF8EDB6C2E506E300040E898 /* UIPrimitives.metal */,
			);
			path = UI;
			sourceTree = "<group>";
		};
		BF8EDB702E506E300040E898 /* Utils */ = {
			isa = PBXGroup;
			children = (
				BF8EDB6E2E506E300040E898 /* Color.metal */,
				BF8EDB6F2E506E300040E898 /* Types.metal */,
			);
			path = Utils;
			sourceTree = "<group>";
		};
		BF8EDB712E506E300040E898 /* Shaders */ = {
			isa = PBXGroup;
			children = (
				BF8EDB6B2E506E300040E898 /* Compute */,
				BF8EDB6D2E506E300040E898 /* UI */,
				BF8EDB702E506E300040E898 /* Utils */,
			);
			path = Shaders;
			sourceTree = "<group>";
		};
		BF8EDB752E506E300040E898 /* Metal */ = {
			isa = PBXGroup;
			children = (
				BF8EDB712E506E300040E898 /* Shaders */,
				BF8EDB732E506E300040E898 /* MetalRenderingManager.swift */,
				BF0798E52E5496AD00949707 /* MetalRenderer.swift */,
				BF8EDB742E506E300040E898 /* TextureManager.swift */,
				BF0798E32E54967600949707 /* TextureData.swift */,
			);
			path = Metal;
			sourceTree = "<group>";
		};
		BF8EDB772E506E300040E898 /* Persistence */ = {
			isa = PBXGroup;
			children = (
				BF8EDB762E506E300040E898 /* Compositor.xcdatamodeld */,
			);
			path = Persistence;
			sourceTree = "<group>";
		};
		BF8EDB782E506E300040E898 /* Plugins */ = {
			isa = PBXGroup;
			children = (
			);
			path = Plugins;
			sourceTree = "<group>";
		};
		BF8EDB792E506E300040E898 /* Infrastructure */ = {
			isa = PBXGroup;
			children = (
				BF8EDB752E506E300040E898 /* Metal */,
				BF8EDB772E506E300040E898 /* Persistence */,
				BF8EDB782E506E300040E898 /* Plugins */,
				BFCD14362E5382A800FE99DD /* Video */,
			);
			path = Infrastructure;
			sourceTree = "<group>";
		};
		BF8EDB7C2E506E300040E898 /* ViewModels */ = {
			isa = PBXGroup;
			children = (
				BF8EDB7B2E506E300040E898 /* NodeGraphViewModel.swift */,
			);
			path = ViewModels;
			sourceTree = "<group>";
		};
		BF8EDB7F2E506E300040E898 /* Constants */ = {
			isa = PBXGroup;
			children = (
				BF8EDB7D2E506E300040E898 /* NodeViewConstants.swift */,
				BF8EDB7E2E506E300040E898 /* NotificationNames.swift */,
			);
			path = Constants;
			sourceTree = "<group>";
		};
		BF8EDB812E506E300040E898 /* Extensions */ = {
			isa = PBXGroup;
			children = (
				BF8EDB802E506E300040E898 /* Color+NodeTypes.swift */,
			);
			path = Extensions;
			sourceTree = "<group>";
		};
		BF8EDB892E506E300040E898 /* Inspector */ = {
			isa = PBXGroup;
			children = (
				BF8EDB822E506E300040E898 /* InputNodeInspector.swift */,
				BF8EDB832E506E300040E898 /* InspectorPanel.swift */,
				BF8EDB842E506E300040E898 /* MetalNodeInspector.swift */,
				BF8EDB852E506E300040E898 /* NodeHeaderView.swift */,
				BF8EDB862E506E300040E898 /* NodeInspectors.swift */,
				BF8EDB872E506E300040E898 /* VideoInspectorControls.swift */,
				BF8EDB882E506E300040E898 /* VideoScrubber.swift */,
			);
			path = Inspector;
			sourceTree = "<group>";
		};
		BF8EDB8C2E506E300040E898 /* Main */ = {
			isa = PBXGroup;
			children = (
				BF8EDB8A2E506E300040E898 /* CompositorView.swift */,
				BF8EDB8B2E506E300040E898 /* ContentView.swift */,
			);
			path = Main;
			sourceTree = "<group>";
		};
		BF8EDB8D2E506E300040E898 /* Metal */ = {
			isa = PBXGroup;
			children = (
			);
			path = Metal;
			sourceTree = "<group>";
		};
		BF8EDB8F2E506E300040E898 /* Rendering */ = {
			isa = PBXGroup;
			children = (
				BF8EDB8E2E506E300040E898 /* NodeGraphRenderStyle.swift */,
			);
			path = Rendering;
			sourceTree = "<group>";
		};
		BF8EDB972E506E300040E898 /* NodeGraph */ = {
			isa = PBXGroup;
			children = (
				BF8EDB8F2E506E300040E898 /* Rendering */,
				BF8EDB902E506E300040E898 /* MetalNodeGraphCanvas.swift */,
				BF8EDB912E506E300040E898 /* NodeGraphCache.swift */,
				BF8EDB922E506E300040E898 /* NodeGraphConnectionManager.swift */,
				BF8EDB932E506E300040E898 /* NodeGraphPanel.swift */,
				BF8EDB942E506E300040E898 /* NodeGraphSelectionManager.swift */,
				BF8EDB952E506E300040E898 /* NodePanelEventHandler.swift */,
				BF8EDB962E506E300040E898 /* NodeView.swift */,
			);
			path = NodeGraph;
			sourceTree = "<group>";
		};
		BF8EDB992E506E300040E898 /* Settings */ = {
			isa = PBXGroup;
			children = (
				BF8EDB982E506E300040E898 /* MetalSettingsPanel.swift */,
				BFBAE05A2E551255000A7D70 /* PerformanceSettingsView.swift */,
				BFBAE05C2E5512A1000A7D70 /* IntegratedSettingsPanel.swift */,
			);
			path = Settings;
			sourceTree = "<group>";
		};
		BF8EDB9C2E506E300040E898 /* Viewer */ = {
			isa = PBXGroup;
			children = (
				BF8EDB9A2E506E300040E898 /* ViewerPanel.swift */,
				BF8EDB9B2E506E300040E898 /* ViewerPanelController.swift */,
			);
			path = Viewer;
			sourceTree = "<group>";
		};
		BF8EDB9D2E506E300040E898 /* Views */ = {
			isa = PBXGroup;
			children = (
				BF8EDB7F2E506E300040E898 /* Constants */,
				BF8EDB812E506E300040E898 /* Extensions */,
				BF8EDB892E506E300040E898 /* Inspector */,
				BF8EDB8C2E506E300040E898 /* Main */,
				BF8EDB8D2E506E300040E898 /* Metal */,
				BF8EDB972E506E300040E898 /* NodeGraph */,
				BF8EDB992E506E300040E898 /* Settings */,
				BF8EDB9C2E506E300040E898 /* Viewer */,
			);
			path = Views;
			sourceTree = "<group>";
		};
		BF8EDB9E2E506E300040E898 /* Presentation */ = {
			isa = PBXGroup;
			children = (
				BF8EDB7C2E506E300040E898 /* ViewModels */,
				BF8EDB9D2E506E300040E898 /* Views */,
			);
			path = Presentation;
			sourceTree = "<group>";
		};
		BFCD14122E537E6400FE99DD /* AdvancedMetal */ = {
			isa = PBXGroup;
			children = (
				BFCD140E2E537E6400FE99DD /* MetalFXManager.swift */,
				BFCD140F2E537E6400FE99DD /* MPSProcessor.swift */,
				BFCD14102E537E6400FE99DD /* PerformanceOptimizer.swift */,
				BFCD14112E537E6400FE99DD /* ProcessingStrategy.swift */,
			);
			path = AdvancedMetal;
			sourceTree = "<group>";
		};
		BFCD14132E537E6400FE99DD /* ML */ = {
			isa = PBXGroup;
			children = (
			);
			path = ML;
			sourceTree = "<group>";
		};
		BFCD14182E537E6400FE99DD /* Future */ = {
			isa = PBXGroup;
			children = (
				BFCD14122E537E6400FE99DD /* AdvancedMetal */,
				BFCD14132E537E6400FE99DD /* ML */,
			);
			path = Future;
			sourceTree = "<group>";
		};
		BFCD14262E53827D00FE99DD /* Nodes */ = {
			isa = PBXGroup;
			children = (
				BFCD14202E53827D00FE99DD /* BaseNode.swift */,
				BF1A71592E604B36007EF611 /* CoreImageNode.swift */,
				BF0798E72E5496EC00949707 /* MetalNode.swift */,
				BFCD14242E53827D00FE99DD /* BlurNode.swift */,
				BF1A718D2E604E34007EF611 /* BrightnessNode.swift */,
				BFCD14232E53827D00FE99DD /* InputNode.swift */,
				BFCD14252E53827D00FE99DD /* ViewNode.swift */,
			);
			path = Nodes;
			sourceTree = "<group>";
		};
		BFCD14292E53827D00FE99DD /* Support */ = {
			isa = PBXGroup;
			children = (
				BFCD14382E53846000FE99DD /* MediaFormatSupport.swift */,
				BFCD14272E53827D00FE99DD /* NodeConnection.swift */,
				BFCD14282E53827D00FE99DD /* NodeTypes.swift */,
				BF1A718F2E60522E007EF611 /* NodeRegistry.swift */,
			);
			path = Support;
			sourceTree = "<group>";
		};
		BFCD14362E5382A800FE99DD /* Video */ = {
			isa = PBXGroup;
			children = (
				BFCD143C2E5384B400FE99DD /* ProResAdapter.swift */,
				BFCD143D2E5384B400FE99DD /* ProResProcessor.swift */,
				BFCD143E2E5384B400FE99DD /* ProResProtocols.swift */,
				BFCD143A2E53848300FE99DD /* UniversalMediaProcessor.swift */,
				BFCD14352E5382A800FE99DD /* VideoProcessor.swift */,
			);
			path = Video;
			sourceTree = "<group>";
		};
		BFD2D8D02E1F2C8600BFAC11 = {
			isa = PBXGroup;
			children = (
				BFD2D8EF2E1F2E5100BFAC11 /* App */,
				BFCD14182E537E6400FE99DD /* Future */,
				BF0798CE2E548CBE00949707 /* Configuration */,
				BF8EDB672E506E300040E898 /* Domain */,
				BF8EDB792E506E300040E898 /* Infrastructure */,
				BF8EDB9E2E506E300040E898 /* Presentation */,
				BFD2D8F42E1F2EA000BFAC11 /* Resources */,
				BFD2D8ED2E1F2E1400BFAC11 /* README.md */,
				BFBAE04F2E54BBF9000A7D70 /* Compositor-Info.plist */,
				BFD2D8E72E1F2C8900BFAC11 /* Compositor.entitlements */,
				BF1A713A2E5F39EB007EF611 /* CompositorTests */,
				BFD2D8DA2E1F2C8600BFAC11 /* Products */,
				BFD2D93A2E200DF500BFAC11 /* LICENSE.md */,
				BF1A71342E5F36DB007EF611 /* CompositorTests */,
				BF0798C82E548B6A00949707 /* Frameworks */,
			);
			sourceTree = "<group>";
		};
		BFD2D8DA2E1F2C8600BFAC11 /* Products */ = {
			isa = PBXGroup;
			children = (
				BFD2D8D92E1F2C8600BFAC11 /* Compositor.app */,
				BF1A71392E5F39EB007EF611 /* CompositorTests.xctest */,
			);
			name = Products;
			sourceTree = "<group>";
		};
		BFD2D8EF2E1F2E5100BFAC11 /* App */ = {
			isa = PBXGroup;
			children = (
				BFD2D8DC2E1F2C8600BFAC11 /* CompositorApp.swift */,
				BF8EDB562E506BBA0040E898 /* DIContainer.swift */,
			);
			path = App;
			sourceTree = "<group>";
		};
		BFD2D8F42E1F2EA000BFAC11 /* Resources */ = {
			isa = PBXGroup;
			children = (
				BFD2D8E02E1F2C8900BFAC11 /* Assets.xcassets */,
			);
			path = Resources;
			sourceTree = "<group>";
		};
/* End PBXGroup section */

/* Begin PBXNativeTarget section */
		BF1A71382E5F39EB007EF611 /* CompositorTests */ = {
			isa = PBXNativeTarget;
			buildConfigurationList = BF1A713F2E5F39EB007EF611 /* Build configuration list for PBXNativeTarget "CompositorTests" */;
			buildPhases = (
				BF1A71352E5F39EB007EF611 /* Sources */,
				BF1A71362E5F39EB007EF611 /* Frameworks */,
				BF1A71372E5F39EB007EF611 /* Resources */,
				BF1A71542E5F39F9007EF611 /* Embed Frameworks */,
			);
			buildRules = (
			);
			dependencies = (
				BF1A713E2E5F39EB007EF611 /* PBXTargetDependency */,
			);
			fileSystemSynchronizedGroups = (
				BF1A713A2E5F39EB007EF611 /* CompositorTests */,
			);
			name = CompositorTests;
			packageProductDependencies = (
			);
			productName = CompositorTests;
			productReference = BF1A71392E5F39EB007EF611 /* CompositorTests.xctest */;
			productType = "com.apple.product-type.bundle.unit-test";
		};
		BFD2D8D82E1F2C8600BFAC11 /* Compositor */ = {
			isa = PBXNativeTarget;
			buildConfigurationList = BFD2D8EA2E1F2C8900BFAC11 /* Build configuration list for PBXNativeTarget "Compositor" */;
			buildPhases = (
				BFD2D8D52E1F2C8600BFAC11 /* Sources */,
				BFD2D8D62E1F2C8600BFAC11 /* Frameworks */,
				BFD2D8D72E1F2C8600BFAC11 /* Resources */,
			);
			buildRules = (
			);
			dependencies = (
			);
			name = Compositor;
			packageProductDependencies = (
			);
			productName = Compositor;
			productReference = BFD2D8D92E1F2C8600BFAC11 /* Compositor.app */;
			productType = "com.apple.product-type.application";
		};
/* End PBXNativeTarget section */

/* Begin PBXProject section */
		BFD2D8D12E1F2C8600BFAC11 /* Project object */ = {
			isa = PBXProject;
			attributes = {
				BuildIndependentTargetsInParallel = 1;
				LastSwiftUpdateCheck = 1640;
				LastUpgradeCheck = 1640;
				TargetAttributes = {
					BF1A71382E5F39EB007EF611 = {
						CreatedOnToolsVersion = 16.4;
						TestTargetID = BFD2D8D82E1F2C8600BFAC11;
					};
					BFD2D8D82E1F2C8600BFAC11 = {
						CreatedOnToolsVersion = 16.4;
					};
				};
			};
			buildConfigurationList = BFD2D8D42E1F2C8600BFAC11 /* Build configuration list for PBXProject "Compositor" */;
			developmentRegion = en;
			hasScannedForEncodings = 0;
			knownRegions = (
				en,
				Base,
			);
			mainGroup = BFD2D8D02E1F2C8600BFAC11;
			minimizedProjectReferenceProxies = 1;
			preferredProjectObjectVersion = 77;
			productRefGroup = BFD2D8DA2E1F2C8600BFAC11 /* Products */;
			projectDirPath = "";
			projectRoot = "";
			targets = (
				BFD2D8D82E1F2C8600BFAC11 /* Compositor */,
				BF1A71382E5F39EB007EF611 /* CompositorTests */,
			);
		};
/* End PBXProject section */

/* Begin PBXResourcesBuildPhase section */
		BF1A71372E5F39EB007EF611 /* Resources */ = {
			isa = PBXResourcesBuildPhase;
			buildActionMask = 2147483647;
			files = (
			);
			runOnlyForDeploymentPostprocessing = 0;
		};
		BFD2D8D72E1F2C8600BFAC11 /* Resources */ = {
			isa = PBXResourcesBuildPhase;
			buildActionMask = 2147483647;
			files = (
				BFD2D8EE2E1F2E1A00BFAC11 /* README.md in Resources */,
				BFD2D93B2E200DF900BFAC11 /* LICENSE.md in Resources */,
				BFD2D8E12E1F2C8900BFAC11 /* Assets.xcassets in Resources */,
			);
			runOnlyForDeploymentPostprocessing = 0;
		};
/* End PBXResourcesBuildPhase section */

/* Begin PBXSourcesBuildPhase section */
		BF1A71352E5F39EB007EF611 /* Sources */ = {
			isa = PBXSourcesBuildPhase;
			buildActionMask = 2147483647;
			files = (
				BF1A71352E5F36DB007EF611 /* CompositorTests in Sources */,
				BF1A71372E5F36DB007EF611 /* SimpleNodeRegistryTests.swift in Sources */,
			);
			runOnlyForDeploymentPostprocessing = 0;
		};
		BFD2D8D52E1F2C8600BFAC11 /* Sources */ = {
			isa = PBXSourcesBuildPhase;
			buildActionMask = 2147483647;
			files = (
				BF8EDBA12E506E300040E898 /* CompositorView.swift in Sources */,
				BFBAE05D2E5512A1000A7D70 /* IntegratedSettingsPanel.swift in Sources */,
				BF8EDBA22E506E300040E898 /* Color+NodeTypes.swift in Sources */,
				BF0798CF2E548CBE00949707 /* PerformanceConstants.swift in Sources */,
				BF8EDBA32E506E300040E898 /* NodeGraphRenderStyle.swift in Sources */,
				BF8EDBA42E506E300040E898 /* Compositor.xcdatamodeld in Sources */,
				BF8EDBA52E506E300040E898 /* NodeGraphViewModel.swift in Sources */,
				BF8EDBA62E506E300040E898 /* NodeGraphSelectionManager.swift in Sources */,
				BF1A718E2E604E34007EF611 /* BrightnessNode.swift in Sources */,
				BF8EDBA72E506E300040E898 /* InspectorPanel.swift in Sources */,
				BF8EDBA82E506E300040E898 /* NodeGraphConnectionManager.swift in Sources */,
				BF8EDBA92E506E300040E898 /* TextureManager.swift in Sources */,
				BF0798E42E54967600949707 /* TextureData.swift in Sources */,
				BFCD142A2E53827D00FE99DD /* NodeConnection.swift in Sources */,
				BF0798E82E5496EC00949707 /* MetalNode.swift in Sources */,
				BFCD142C2E53827D00FE99DD /* InputNode.swift in Sources */,
				BFCD142D2E53827D00FE99DD /* ViewNode.swift in Sources */,
				BFCD142E2E53827D00FE99DD /* BaseNode.swift in Sources */,
				BFCD14302E53827D00FE99DD /* NodeTypes.swift in Sources */,
				BF1A71902E60522E007EF611 /* NodeRegistry.swift in Sources */,
				BFCD14312E53827D00FE99DD /* BlurNode.swift in Sources */,
				BFBAE05B2E551255000A7D70 /* PerformanceSettingsView.swift in Sources */,
				BF8EDBAA2E506E300040E898 /* Blur.metal in Sources */,
				BF8EDBAB2E506E300040E898 /* NodeGraphPanel.swift in Sources */,
				BF8EDBAC2E506E300040E898 /* NodeHeaderView.swift in Sources */,
				BF1A712B2E5F323B007EF611 /* NodeGraphExtensions.swift in Sources */,
				BF8EDBB02E506E300040E898 /* Color.metal in Sources */,
				BF8EDBB12E506E300040E898 /* NodePanelEventHandler.swift in Sources */,
				BF8EDBB22E506E300040E898 /* NodeFactory.swift in Sources */,
				BFCD14192E537E6400FE99DD /* MetalFXManager.swift in Sources */,
				BFCD141A2E537E6400FE99DD /* MPSProcessor.swift in Sources */,
				BFCD141E2E537E6400FE99DD /* PerformanceOptimizer.swift in Sources */,
				BF1A715A2E604B36007EF611 /* CoreImageNode.swift in Sources */,
				BFCD143B2E53848300FE99DD /* UniversalMediaProcessor.swift in Sources */,
				BFCD141F2E537E6400FE99DD /* ProcessingStrategy.swift in Sources */,
				BF1A71902E60522E007EF611 /* NodeRegistry.swift in Sources */,
				BF8EDBB32E506E300040E898 /* VideoScrubber.swift in Sources */,
				BF8EDBB42E506E300040E898 /* ContentView.swift in Sources */,
				BF8EDBB52E506E300040E898 /* NodeGraph.swift in Sources */,
				BF8EDBB62E506E300040E898 /* MetalNodeGraphCanvas.swift in Sources */,
				BFCD14372E5382A800FE99DD /* VideoProcessor.swift in Sources */,
				BF8EDBB72E506E300040E898 /* InputNodeInspector.swift in Sources */,
				BF8EDBB82E506E300040E898 /* NodeViewConstants.swift in Sources */,
				BF8EDBB92E506E300040E898 /* VideoInspectorControls.swift in Sources */,
				BF8EDBBC2E506E300040E898 /* Edge.metal in Sources */,
				BF0798E62E5496AD00949707 /* MetalRenderer.swift in Sources */,
				BF8EDBBD2E506E300040E898 /* NodeView.swift in Sources */,
				BFCD14392E53846000FE99DD /* MediaFormatSupport.swift in Sources */,
				BF8EDBBF2E506E300040E898 /* MetalNodeInspector.swift in Sources */,
				BF8EDBC02E506E300040E898 /* Merge.metal in Sources */,
				BF8EDBC12E506E300040E898 /* ViewerPanelController.swift in Sources */,
				BF8EDBC32E506E300040E898 /* NotificationNames.swift in Sources */,
				BF8EDBC42E506E300040E898 /* NodeGraphCache.swift in Sources */,
				BFCD143F2E5384B400FE99DD /* ProResAdapter.swift in Sources */,
				BFCD14402E5384B400FE99DD /* ProResProtocols.swift in Sources */,
				BFCD14412E5384B400FE99DD /* ProResProcessor.swift in Sources */,
				BF8EDBC52E506E300040E898 /* Types.metal in Sources */,
				BF8EDBC62E506E300040E898 /* ViewerPanel.swift in Sources */,
				BF8EDBC72E506E300040E898 /* MetalRenderingManager.swift in Sources */,
				BF1A71272E5F2F39007EF611 /* NodeGraphProcessor.swift in Sources */,
				BF8EDBC82E506E300040E898 /* MetalSettingsPanel.swift in Sources */,
				BF8EDBC92E506E300040E898 /* NodeInspectors.swift in Sources */,
				BF8EDBCA2E506E300040E898 /* UIPrimitives.metal in Sources */,
				BFD2D8DD2E1F2C8600BFAC11 /* CompositorApp.swift in Sources */,
			);
			runOnlyForDeploymentPostprocessing = 0;
		};
/* End PBXSourcesBuildPhase section */

/* Begin PBXTargetDependency section */
		BF1A713E2E5F39EB007EF611 /* PBXTargetDependency */ = {
			isa = PBXTargetDependency;
			target = BFD2D8D82E1F2C8600BFAC11 /* Compositor */;
			targetProxy = BF1A713D2E5F39EB007EF611 /* PBXContainerItemProxy */;
		};
/* End PBXTargetDependency section */

/* Begin XCBuildConfiguration section */
		BF1A71402E5F39EB007EF611 /* Debug */ = {
			isa = XCBuildConfiguration;
			buildSettings = {
				BUNDLE_LOADER = "$(TEST_HOST)";
				CODE_SIGN_STYLE = Automatic;
				CURRENT_PROJECT_VERSION = 1;
				DEVELOPMENT_TEAM = PK2473XF3P;
				ENABLE_TESTING_SEARCH_PATHS = YES;
				GENERATE_INFOPLIST_FILE = YES;
				MARKETING_VERSION = 1.0;
				PRODUCT_BUNDLE_IDENTIFIER = MaxEliseyev.CompositorTests;
				PRODUCT_NAME = "$(TARGET_NAME)";
				SWIFT_ACTIVE_COMPILATION_CONDITIONS = "DEBUG $(inherited)";
				SWIFT_EMIT_LOC_STRINGS = NO;
				SWIFT_VERSION = 5.0;
				TEST_HOST = "$(BUILT_PRODUCTS_DIR)/Compositor.app/$(BUNDLE_EXECUTABLE_FOLDER_PATH)/Compositor";
			};
			name = Debug;
		};
		BF1A71412E5F39EB007EF611 /* Release */ = {
			isa = XCBuildConfiguration;
			buildSettings = {
				BUNDLE_LOADER = "$(TEST_HOST)";
				CODE_SIGN_STYLE = Automatic;
				CURRENT_PROJECT_VERSION = 1;
				DEVELOPMENT_TEAM = PK2473XF3P;
				ENABLE_TESTING_SEARCH_PATHS = YES;
				GENERATE_INFOPLIST_FILE = YES;
				MARKETING_VERSION = 1.0;
				PRODUCT_BUNDLE_IDENTIFIER = MaxEliseyev.CompositorTests;
				PRODUCT_NAME = "$(TARGET_NAME)";
				SWIFT_EMIT_LOC_STRINGS = NO;
				SWIFT_VERSION = 5.0;
				TEST_HOST = "$(BUILT_PRODUCTS_DIR)/Compositor.app/$(BUNDLE_EXECUTABLE_FOLDER_PATH)/Compositor";
			};
			name = Release;
		};
		BFD2D8E82E1F2C8900BFAC11 /* Debug */ = {
			isa = XCBuildConfiguration;
			buildSettings = {
				ALWAYS_SEARCH_USER_PATHS = NO;
				ASSETCATALOG_COMPILER_GENERATE_SWIFT_ASSET_SYMBOL_EXTENSIONS = YES;
				CLANG_ANALYZER_NONNULL = YES;
				CLANG_ANALYZER_NUMBER_OBJECT_CONVERSION = YES_AGGRESSIVE;
				CLANG_CXX_LANGUAGE_STANDARD = "gnu++20";
				CLANG_ENABLE_MODULES = YES;
				CLANG_ENABLE_OBJC_ARC = YES;
				CLANG_ENABLE_OBJC_WEAK = YES;
				CLANG_WARN_BLOCK_CAPTURE_AUTORELEASING = YES;
				CLANG_WARN_BOOL_CONVERSION = YES;
				CLANG_WARN_COMMA = YES;
				CLANG_WARN_CONSTANT_CONVERSION = YES;
				CLANG_WARN_DEPRECATED_OBJC_IMPLEMENTATIONS = YES;
				CLANG_WARN_DIRECT_OBJC_ISA_USAGE = YES_ERROR;
				CLANG_WARN_DOCUMENTATION_COMMENTS = YES;
				CLANG_WARN_EMPTY_BODY = YES;
				CLANG_WARN_ENUM_CONVERSION = YES;
				CLANG_WARN_INFINITE_RECURSION = YES;
				CLANG_WARN_INT_CONVERSION = YES;
				CLANG_WARN_NON_LITERAL_NULL_CONVERSION = YES;
				CLANG_WARN_OBJC_IMPLICIT_RETAIN_SELF = YES;
				CLANG_WARN_OBJC_LITERAL_CONVERSION = YES;
				CLANG_WARN_OBJC_ROOT_CLASS = YES_ERROR;
				CLANG_WARN_QUOTED_INCLUDE_IN_FRAMEWORK_HEADER = YES;
				CLANG_WARN_RANGE_LOOP_ANALYSIS = YES;
				CLANG_WARN_STRICT_PROTOTYPES = YES;
				CLANG_WARN_SUSPICIOUS_MOVE = YES;
				CLANG_WARN_UNGUARDED_AVAILABILITY = YES_AGGRESSIVE;
				CLANG_WARN_UNREACHABLE_CODE = YES;
				CLANG_WARN__DUPLICATE_METHOD_MATCH = YES;
				COPY_PHASE_STRIP = NO;
				DEBUG_INFORMATION_FORMAT = dwarf;
				DEVELOPMENT_TEAM = PK2473XF3P;
				ENABLE_STRICT_OBJC_MSGSEND = YES;
				ENABLE_TESTABILITY = YES;
				ENABLE_USER_SCRIPT_SANDBOXING = YES;
				GCC_C_LANGUAGE_STANDARD = gnu17;
				GCC_DYNAMIC_NO_PIC = NO;
				GCC_NO_COMMON_BLOCKS = YES;
				GCC_OPTIMIZATION_LEVEL = 0;
				GCC_PREPROCESSOR_DEFINITIONS = (
					"DEBUG=1",
					"$(inherited)",
				);
				GCC_WARN_64_TO_32_BIT_CONVERSION = YES;
				GCC_WARN_ABOUT_RETURN_TYPE = YES_ERROR;
				GCC_WARN_UNDECLARED_SELECTOR = YES;
				GCC_WARN_UNINITIALIZED_AUTOS = YES_AGGRESSIVE;
				GCC_WARN_UNUSED_FUNCTION = YES;
				GCC_WARN_UNUSED_VARIABLE = YES;
				LOCALIZATION_PREFERS_STRING_CATALOGS = YES;
				MACOSX_DEPLOYMENT_TARGET = 15.5;
				MTL_ENABLE_DEBUG_INFO = INCLUDE_SOURCE;
				MTL_FAST_MATH = YES;
				ONLY_ACTIVE_ARCH = YES;
				SDKROOT = macosx;
				SWIFT_ACTIVE_COMPILATION_CONDITIONS = "DEBUG $(inherited)";
				SWIFT_OPTIMIZATION_LEVEL = "-Onone";
			};
			name = Debug;
		};
		BFD2D8E92E1F2C8900BFAC11 /* Release */ = {
			isa = XCBuildConfiguration;
			buildSettings = {
				ALWAYS_SEARCH_USER_PATHS = NO;
				ASSETCATALOG_COMPILER_GENERATE_SWIFT_ASSET_SYMBOL_EXTENSIONS = YES;
				CLANG_ANALYZER_NONNULL = YES;
				CLANG_ANALYZER_NUMBER_OBJECT_CONVERSION = YES_AGGRESSIVE;
				CLANG_CXX_LANGUAGE_STANDARD = "gnu++20";
				CLANG_ENABLE_MODULES = YES;
				CLANG_ENABLE_OBJC_ARC = YES;
				CLANG_ENABLE_OBJC_WEAK = YES;
				CLANG_WARN_BLOCK_CAPTURE_AUTORELEASING = YES;
				CLANG_WARN_BOOL_CONVERSION = YES;
				CLANG_WARN_COMMA = YES;
				CLANG_WARN_CONSTANT_CONVERSION = YES;
				CLANG_WARN_DEPRECATED_OBJC_IMPLEMENTATIONS = YES;
				CLANG_WARN_DIRECT_OBJC_ISA_USAGE = YES_ERROR;
				CLANG_WARN_DOCUMENTATION_COMMENTS = YES;
				CLANG_WARN_EMPTY_BODY = YES;
				CLANG_WARN_ENUM_CONVERSION = YES;
				CLANG_WARN_INFINITE_RECURSION = YES;
				CLANG_WARN_INT_CONVERSION = YES;
				CLANG_WARN_NON_LITERAL_NULL_CONVERSION = YES;
				CLANG_WARN_OBJC_IMPLICIT_RETAIN_SELF = YES;
				CLANG_WARN_OBJC_LITERAL_CONVERSION = YES;
				CLANG_WARN_OBJC_ROOT_CLASS = YES_ERROR;
				CLANG_WARN_QUOTED_INCLUDE_IN_FRAMEWORK_HEADER = YES;
				CLANG_WARN_RANGE_LOOP_ANALYSIS = YES;
				CLANG_WARN_STRICT_PROTOTYPES = YES;
				CLANG_WARN_SUSPICIOUS_MOVE = YES;
				CLANG_WARN_UNGUARDED_AVAILABILITY = YES_AGGRESSIVE;
				CLANG_WARN_UNREACHABLE_CODE = YES;
				CLANG_WARN__DUPLICATE_METHOD_MATCH = YES;
				COPY_PHASE_STRIP = NO;
				DEBUG_INFORMATION_FORMAT = "dwarf-with-dsym";
				DEVELOPMENT_TEAM = PK2473XF3P;
				ENABLE_NS_ASSERTIONS = NO;
				ENABLE_STRICT_OBJC_MSGSEND = YES;
				ENABLE_USER_SCRIPT_SANDBOXING = YES;
				GCC_C_LANGUAGE_STANDARD = gnu17;
				GCC_NO_COMMON_BLOCKS = YES;
				GCC_WARN_64_TO_32_BIT_CONVERSION = YES;
				GCC_WARN_ABOUT_RETURN_TYPE = YES_ERROR;
				GCC_WARN_UNDECLARED_SELECTOR = YES;
				GCC_WARN_UNINITIALIZED_AUTOS = YES_AGGRESSIVE;
				GCC_WARN_UNUSED_FUNCTION = YES;
				GCC_WARN_UNUSED_VARIABLE = YES;
				LOCALIZATION_PREFERS_STRING_CATALOGS = YES;
				MACOSX_DEPLOYMENT_TARGET = 15.5;
				MTL_ENABLE_DEBUG_INFO = NO;
				MTL_FAST_MATH = YES;
				SDKROOT = macosx;
				SWIFT_COMPILATION_MODE = wholemodule;
			};
			name = Release;
		};
		BFD2D8EB2E1F2C8900BFAC11 /* Debug */ = {
			isa = XCBuildConfiguration;
			buildSettings = {
				ASSETCATALOG_COMPILER_APPICON_NAME = AppIcon;
				ASSETCATALOG_COMPILER_GLOBAL_ACCENT_COLOR_NAME = AccentColor;
				ASSETCATALOG_COMPILER_INCLUDE_ALL_APPICON_ASSETS = YES;
				CODE_SIGN_ENTITLEMENTS = Compositor.entitlements;
				CODE_SIGN_STYLE = Automatic;
				COMBINE_HIDPI_IMAGES = YES;
				CURRENT_PROJECT_VERSION = CFBundleVersion;
				DEVELOPMENT_TEAM = PK2473XF3P;
				ENABLE_HARDENED_RUNTIME = YES;
				ENABLE_PREVIEWS = YES;
				GENERATE_INFOPLIST_FILE = YES;
				INFOPLIST_FILE = "Compositor-Info.plist";
				INFOPLIST_KEY_CFBundleDisplayName = Compositor;
				INFOPLIST_KEY_LSApplicationCategoryType = "public.app-category.video";
				INFOPLIST_KEY_NSHumanReadableCopyright = "";
				INFOPLIST_KEY_UISupportedInterfaceOrientations_iPad = "UIInterfaceOrientationLandscapeLeft UIInterfaceOrientationLandscapeRight";
				LD_RUNPATH_SEARCH_PATHS = (
					"$(inherited)",
					"@executable_path/../Frameworks",
				);
				MACOSX_DEPLOYMENT_TARGET = 14.6;
				MARKETING_VERSION = CFBundleShortVersionString;
				PRODUCT_BUNDLE_IDENTIFIER = MaxEliseyev.Compositor;
				PRODUCT_NAME = "$(TARGET_NAME)";
				REGISTER_APP_GROUPS = YES;
				SUPPORTED_PLATFORMS = "iphoneos iphonesimulator macosx";
				SUPPORTS_MACCATALYST = NO;
				SWIFT_EMIT_LOC_STRINGS = YES;
				SWIFT_VERSION = 5.0;
				TARGETED_DEVICE_FAMILY = 2;
			};
			name = Debug;
		};
		BFD2D8EC2E1F2C8900BFAC11 /* Release */ = {
			isa = XCBuildConfiguration;
			buildSettings = {
				ASSETCATALOG_COMPILER_APPICON_NAME = AppIcon;
				ASSETCATALOG_COMPILER_GLOBAL_ACCENT_COLOR_NAME = AccentColor;
				ASSETCATALOG_COMPILER_INCLUDE_ALL_APPICON_ASSETS = YES;
				CODE_SIGN_ENTITLEMENTS = Compositor.entitlements;
				CODE_SIGN_STYLE = Automatic;
				COMBINE_HIDPI_IMAGES = YES;
				CURRENT_PROJECT_VERSION = CFBundleVersion;
				DEVELOPMENT_TEAM = PK2473XF3P;
				ENABLE_HARDENED_RUNTIME = YES;
				ENABLE_PREVIEWS = YES;
				GENERATE_INFOPLIST_FILE = YES;
				INFOPLIST_FILE = "Compositor-Info.plist";
				INFOPLIST_KEY_CFBundleDisplayName = Compositor;
				INFOPLIST_KEY_LSApplicationCategoryType = "public.app-category.video";
				INFOPLIST_KEY_NSHumanReadableCopyright = "";
				INFOPLIST_KEY_UISupportedInterfaceOrientations_iPad = "UIInterfaceOrientationLandscapeLeft UIInterfaceOrientationLandscapeRight";
				LD_RUNPATH_SEARCH_PATHS = (
					"$(inherited)",
					"@executable_path/../Frameworks",
				);
				MACOSX_DEPLOYMENT_TARGET = 14.6;
				MARKETING_VERSION = CFBundleShortVersionString;
				PRODUCT_BUNDLE_IDENTIFIER = MaxEliseyev.Compositor;
				PRODUCT_NAME = "$(TARGET_NAME)";
				REGISTER_APP_GROUPS = YES;
				SUPPORTED_PLATFORMS = "iphoneos iphonesimulator macosx";
				SUPPORTS_MACCATALYST = NO;
				SWIFT_EMIT_LOC_STRINGS = YES;
				SWIFT_VERSION = 5.0;
				TARGETED_DEVICE_FAMILY = 2;
			};
			name = Release;
		};
/* End XCBuildConfiguration section */

/* Begin XCConfigurationList section */
		BF1A713F2E5F39EB007EF611 /* Build configuration list for PBXNativeTarget "CompositorTests" */ = {
			isa = XCConfigurationList;
			buildConfigurations = (
				BF1A71402E5F39EB007EF611 /* Debug */,
				BF1A71412E5F39EB007EF611 /* Release */,
			);
			defaultConfigurationIsVisible = 0;
			defaultConfigurationName = Release;
		};
		BFD2D8D42E1F2C8600BFAC11 /* Build configuration list for PBXProject "Compositor" */ = {
			isa = XCConfigurationList;
			buildConfigurations = (
				BFD2D8E82E1F2C8900BFAC11 /* Debug */,
				BFD2D8E92E1F2C8900BFAC11 /* Release */,
			);
			defaultConfigurationIsVisible = 0;
			defaultConfigurationName = Release;
		};
		BFD2D8EA2E1F2C8900BFAC11 /* Build configuration list for PBXNativeTarget "Compositor" */ = {
			isa = XCConfigurationList;
			buildConfigurations = (
				BFD2D8EB2E1F2C8900BFAC11 /* Debug */,
				BFD2D8EC2E1F2C8900BFAC11 /* Release */,
			);
			defaultConfigurationIsVisible = 0;
			defaultConfigurationName = Release;
		};
/* End XCConfigurationList section */

/* Begin XCVersionGroup section */
		BF8EDB762E506E300040E898 /* Compositor.xcdatamodeld */ = {
			isa = XCVersionGroup;
			children = (
				BF8EDB9F2E506E300040E898 /* Compositor.xcdatamodel */,
			);
			currentVersion = BF8EDB9F2E506E300040E898 /* Compositor.xcdatamodel */;
			path = Compositor.xcdatamodeld;
			sourceTree = "<group>";
			versionGroupType = wrapper.xcdatamodel;
		};
/* End XCVersionGroup section */
	};
	rootObject = BFD2D8D12E1F2C8600BFAC11 /* Project object */;
}
