// !$*UTF8*$!
{
	archiveVersion = 1;
	classes = {
	};
	objectVersion = 77;
	objects = {

/* Begin PBXBuildFile section */
		BF0C6D212E4BDB7900935C53 /* MetalNodeInspector.swift in Sources */ = {isa = PBXBuildFile; fileRef = BF0C6D202E4BDB7900935C53 /* MetalNodeInspector.swift */; };
		BF0C6D242E4BDC2C00935C53 /* NodeFactory.swift in Sources */ = {isa = PBXBuildFile; fileRef = BF0C6D232E4BDC2C00935C53 /* NodeFactory.swift */; };
		BF0C6D252E4BDC2C00935C53 /* MetalNode.swift in Sources */ = {isa = PBXBuildFile; fileRef = BF0C6D222E4BDC2C00935C53 /* MetalNode.swift */; };
		BF0C6D262E4BE1A600935C53 /* MetalRenderer.swift in Sources */ = {isa = PBXBuildFile; fileRef = BF0C6D1B2E4BD56900935C53 /* MetalRenderer.swift */; };
		BF0C6D272E4BE1AA00935C53 /* TextureManager.swift in Sources */ = {isa = PBXBuildFile; fileRef = BF0C6D1C2E4BD57A00935C53 /* TextureManager.swift */; };
		BF0C6D2F2E4BE6F700935C53 /* MetalRenderingManager.swift in Sources */ = {isa = PBXBuildFile; fileRef = BF0C6D2E2E4BE6F700935C53 /* MetalRenderingManager.swift */; };
		BF0C6D322E4BE73E00935C53 /* MetalSettingsPanel.swift in Sources */ = {isa = PBXBuildFile; fileRef = BF0C6D302E4BE73E00935C53 /* MetalSettingsPanel.swift */; };
		BF0C6D342E4BE9F000935C53 /* MetalNodeGraphCanvas.swift in Sources */ = {isa = PBXBuildFile; fileRef = BF0C6D332E4BE9F000935C53 /* MetalNodeGraphCanvas.swift */; };
		BF0C6D372E4CA23A00935C53 /* NodeGraphRenderStyle.swift in Sources */ = {isa = PBXBuildFile; fileRef = BF0C6D352E4CA23A00935C53 /* NodeGraphRenderStyle.swift */; };
		BF0C6D3F2E4CA46D00935C53 /* Merge.metal in Sources */ = {isa = PBXBuildFile; fileRef = BF0C6D3A2E4CA46D00935C53 /* Merge.metal */; };
		BF0C6D402E4CA46D00935C53 /* Blur.metal in Sources */ = {isa = PBXBuildFile; fileRef = BF0C6D382E4CA46D00935C53 /* Blur.metal */; };
		BF0C6D412E4CA46D00935C53 /* Edge.metal in Sources */ = {isa = PBXBuildFile; fileRef = BF0C6D392E4CA46D00935C53 /* Edge.metal */; };
		BF0C6D422E4CA46D00935C53 /* UIPrimitives.metal in Sources */ = {isa = PBXBuildFile; fileRef = BF0C6D3C2E4CA46D00935C53 /* UIPrimitives.metal */; };
		BF0C6D4B2E4CA65C00935C53 /* Color.metal in Sources */ = {isa = PBXBuildFile; fileRef = BF0C6D482E4CA65C00935C53 /* Color.metal */; };
		BF0C6D4C2E4CA65C00935C53 /* Types.metal in Sources */ = {isa = PBXBuildFile; fileRef = BF0C6D492E4CA65C00935C53 /* Types.metal */; };
		BF5922A82E2BA28000D37CA8 /* NodeHeaderView.swift in Sources */ = {isa = PBXBuildFile; fileRef = BF5922A72E2BA28000D37CA8 /* NodeHeaderView.swift */; };
		BF5922AA2E2BA2BE00D37CA8 /* VideoScrubber.swift in Sources */ = {isa = PBXBuildFile; fileRef = BF5922A92E2BA2BE00D37CA8 /* VideoScrubber.swift */; };
		BF5922AC2E2BA2E300D37CA8 /* InputNodeInspector.swift in Sources */ = {isa = PBXBuildFile; fileRef = BF5922AB2E2BA2E300D37CA8 /* InputNodeInspector.swift */; };
		BF5922AE2E2BA2F800D37CA8 /* NodeInspectors.swift in Sources */ = {isa = PBXBuildFile; fileRef = BF5922AD2E2BA2F800D37CA8 /* NodeInspectors.swift */; };
		BF5922B02E2BA30100D37CA8 /* VideoInspectorControls.swift in Sources */ = {isa = PBXBuildFile; fileRef = BF5922AF2E2BA30100D37CA8 /* VideoInspectorControls.swift */; };
		BF5922B42E2BA66500D37CA8 /* NodeGraphProcessor.swift in Sources */ = {isa = PBXBuildFile; fileRef = BF5922B32E2BA66500D37CA8 /* NodeGraphProcessor.swift */; };
		BF7253252E270E15009E80E0 /* NodeTypes.swift in Sources */ = {isa = PBXBuildFile; fileRef = BF7253242E270E15009E80E0 /* NodeTypes.swift */; };
		BFB2814C2E25B9F500BD1B79 /* InspectorPanel.swift in Sources */ = {isa = PBXBuildFile; fileRef = BFB2814B2E25B9F000BD1B79 /* InspectorPanel.swift */; };
		BFB2814E2E26901C00BD1B79 /* Info.plist in Resources */ = {isa = PBXBuildFile; fileRef = BFB2814D2E26901C00BD1B79 /* Info.plist */; };
		BFB281502E26D1F700BD1B79 /* NodeConnection.swift in Sources */ = {isa = PBXBuildFile; fileRef = BFB2814F2E26D1F700BD1B79 /* NodeConnection.swift */; };
		BFB5ACD12E2437010063763C /* CompositorView.swift in Sources */ = {isa = PBXBuildFile; fileRef = BFB5ACD02E2437010063763C /* CompositorView.swift */; };
		BFB5ACD52E245AF30063763C /* BaseNode.swift in Sources */ = {isa = PBXBuildFile; fileRef = BFB5ACD42E245AE90063763C /* BaseNode.swift */; };
		BFB5ACD72E245B8C0063763C /* ViewNode.swift in Sources */ = {isa = PBXBuildFile; fileRef = BFB5ACD62E245B8C0063763C /* ViewNode.swift */; };
		BFB5ACD92E245B9F0063763C /* ViewerPanelController.swift in Sources */ = {isa = PBXBuildFile; fileRef = BFB5ACD82E245B9F0063763C /* ViewerPanelController.swift */; };
		BFB5ACDB2E245BC00063763C /* ViewerPanel.swift in Sources */ = {isa = PBXBuildFile; fileRef = BFB5ACDA2E245BBF0063763C /* ViewerPanel.swift */; };
		BFB5ACDF2E247F3C0063763C /* NodeGraphPanel.swift in Sources */ = {isa = PBXBuildFile; fileRef = BFB5ACDE2E247F3B0063763C /* NodeGraphPanel.swift */; };
		BFB5ACE12E247F980063763C /* NodeView.swift in Sources */ = {isa = PBXBuildFile; fileRef = BFB5ACE02E247F980063763C /* NodeView.swift */; };
		BFB5ACE72E25165C0063763C /* InputNode.swift in Sources */ = {isa = PBXBuildFile; fileRef = BFB5ACE62E25165C0063763C /* InputNode.swift */; };
		BFB5ACF02E2524E50063763C /* CorrectorNode.swift in Sources */ = {isa = PBXBuildFile; fileRef = BFB5ACEF2E2524E50063763C /* CorrectorNode.swift */; };
		BFD2D8DD2E1F2C8600BFAC11 /* CompositorApp.swift in Sources */ = {isa = PBXBuildFile; fileRef = BFD2D8DC2E1F2C8600BFAC11 /* CompositorApp.swift */; };
		BFD2D8DF2E1F2C8600BFAC11 /* ContentView.swift in Sources */ = {isa = PBXBuildFile; fileRef = BFD2D8DE2E1F2C8600BFAC11 /* ContentView.swift */; };
		BFD2D8E12E1F2C8900BFAC11 /* Assets.xcassets in Resources */ = {isa = PBXBuildFile; fileRef = BFD2D8E02E1F2C8900BFAC11 /* Assets.xcassets */; };
		BFD2D8E62E1F2C8900BFAC11 /* Compositor.xcdatamodeld in Sources */ = {isa = PBXBuildFile; fileRef = BFD2D8E42E1F2C8900BFAC11 /* Compositor.xcdatamodeld */; };
		BFD2D8EE2E1F2E1A00BFAC11 /* README.md in Resources */ = {isa = PBXBuildFile; fileRef = BFD2D8ED2E1F2E1400BFAC11 /* README.md */; };
		BFD2D93B2E200DF900BFAC11 /* LICENSE.md in Resources */ = {isa = PBXBuildFile; fileRef = BFD2D93A2E200DF500BFAC11 /* LICENSE.md */; };
		BFD2D9412E20128600BFAC11 /* NodeGraph.swift in Sources */ = {isa = PBXBuildFile; fileRef = BFD2D9402E20128600BFAC11 /* NodeGraph.swift */; };
		BFF4F3AC2E27ED10004224AC /* NodeViewConstants.swift in Sources */ = {isa = PBXBuildFile; fileRef = BFF4F3AB2E27ED0F004224AC /* NodeViewConstants.swift */; };
		BFF4F3AE2E29005C004224AC /* NotificationNames.swift in Sources */ = {isa = PBXBuildFile; fileRef = BFF4F3AD2E29005C004224AC /* NotificationNames.swift */; };
		BFF4F3B62E29A6EC004224AC /* NodeGraphCache.swift in Sources */ = {isa = PBXBuildFile; fileRef = BFF4F3B52E29A6EC004224AC /* NodeGraphCache.swift */; };
		BFF4F3B82E29A6F8004224AC /* NodeGraphConnectionManager.swift in Sources */ = {isa = PBXBuildFile; fileRef = BFF4F3B72E29A6F8004224AC /* NodeGraphConnectionManager.swift */; };
		BFF4F3BC2E29A715004224AC /* NodeGraphSelectionManager.swift in Sources */ = {isa = PBXBuildFile; fileRef = BFF4F3BB2E29A715004224AC /* NodeGraphSelectionManager.swift */; };
		BFF4F3BE2E29A87C004224AC /* NodePanelEventHandler.swift in Sources */ = {isa = PBXBuildFile; fileRef = BFF4F3BD2E29A87C004224AC /* NodePanelEventHandler.swift */; };
		BFFAD0F82E2A7B8F00A00AC6 /* VideoProcessor.swift in Sources */ = {isa = PBXBuildFile; fileRef = BFFAD0F72E2A7B8F00A00AC6 /* VideoProcessor.swift */; };
/* End PBXBuildFile section */

/* Begin PBXFileReference section */
		BF0C6D1B2E4BD56900935C53 /* MetalRenderer.swift */ = {isa = PBXFileReference; lastKnownFileType = sourcecode.swift; path = MetalRenderer.swift; sourceTree = "<group>"; };
		BF0C6D1C2E4BD57A00935C53 /* TextureManager.swift */ = {isa = PBXFileReference; lastKnownFileType = sourcecode.swift; path = TextureManager.swift; sourceTree = "<group>"; };
		BF0C6D202E4BDB7900935C53 /* MetalNodeInspector.swift */ = {isa = PBXFileReference; lastKnownFileType = sourcecode.swift; path = MetalNodeInspector.swift; sourceTree = "<group>"; };
		BF0C6D222E4BDC2C00935C53 /* MetalNode.swift */ = {isa = PBXFileReference; lastKnownFileType = sourcecode.swift; path = MetalNode.swift; sourceTree = "<group>"; };
		BF0C6D232E4BDC2C00935C53 /* NodeFactory.swift */ = {isa = PBXFileReference; lastKnownFileType = sourcecode.swift; path = NodeFactory.swift; sourceTree = "<group>"; };
		BF0C6D2E2E4BE6F700935C53 /* MetalRenderingManager.swift */ = {isa = PBXFileReference; lastKnownFileType = sourcecode.swift; path = MetalRenderingManager.swift; sourceTree = "<group>"; };
		BF0C6D302E4BE73E00935C53 /* MetalSettingsPanel.swift */ = {isa = PBXFileReference; lastKnownFileType = sourcecode.swift; path = MetalSettingsPanel.swift; sourceTree = "<group>"; };
		BF0C6D332E4BE9F000935C53 /* MetalNodeGraphCanvas.swift */ = {isa = PBXFileReference; lastKnownFileType = sourcecode.swift; path = MetalNodeGraphCanvas.swift; sourceTree = "<group>"; };
		BF0C6D352E4CA23A00935C53 /* NodeGraphRenderStyle.swift */ = {isa = PBXFileReference; lastKnownFileType = sourcecode.swift; path = NodeGraphRenderStyle.swift; sourceTree = "<group>"; };
		BF0C6D382E4CA46D00935C53 /* Blur.metal */ = {isa = PBXFileReference; lastKnownFileType = sourcecode.metal; path = Blur.metal; sourceTree = "<group>"; };
		BF0C6D392E4CA46D00935C53 /* Edge.metal */ = {isa = PBXFileReference; lastKnownFileType = sourcecode.metal; path = Edge.metal; sourceTree = "<group>"; };
		BF0C6D3A2E4CA46D00935C53 /* Merge.metal */ = {isa = PBXFileReference; lastKnownFileType = sourcecode.metal; path = Merge.metal; sourceTree = "<group>"; };
		BF0C6D3C2E4CA46D00935C53 /* UIPrimitives.metal */ = {isa = PBXFileReference; lastKnownFileType = sourcecode.metal; path = UIPrimitives.metal; sourceTree = "<group>"; };
		BF0C6D482E4CA65C00935C53 /* Color.metal */ = {isa = PBXFileReference; lastKnownFileType = sourcecode.metal; path = Color.metal; sourceTree = "<group>"; };
		BF0C6D492E4CA65C00935C53 /* Types.metal */ = {isa = PBXFileReference; lastKnownFileType = sourcecode.metal; path = Types.metal; sourceTree = "<group>"; };
		BF5922A72E2BA28000D37CA8 /* NodeHeaderView.swift */ = {isa = PBXFileReference; lastKnownFileType = sourcecode.swift; path = NodeHeaderView.swift; sourceTree = "<group>"; };
		BF5922A92E2BA2BE00D37CA8 /* VideoScrubber.swift */ = {isa = PBXFileReference; lastKnownFileType = sourcecode.swift; path = VideoScrubber.swift; sourceTree = "<group>"; };
		BF5922AB2E2BA2E300D37CA8 /* InputNodeInspector.swift */ = {isa = PBXFileReference; lastKnownFileType = sourcecode.swift; path = InputNodeInspector.swift; sourceTree = "<group>"; };
		BF5922AD2E2BA2F800D37CA8 /* NodeInspectors.swift */ = {isa = PBXFileReference; lastKnownFileType = sourcecode.swift; path = NodeInspectors.swift; sourceTree = "<group>"; };
		BF5922AF2E2BA30100D37CA8 /* VideoInspectorControls.swift */ = {isa = PBXFileReference; lastKnownFileType = sourcecode.swift; path = VideoInspectorControls.swift; sourceTree = "<group>"; };
		BF5922B32E2BA66500D37CA8 /* NodeGraphProcessor.swift */ = {isa = PBXFileReference; lastKnownFileType = sourcecode.swift; path = NodeGraphProcessor.swift; sourceTree = "<group>"; };
		BF7253242E270E15009E80E0 /* NodeTypes.swift */ = {isa = PBXFileReference; lastKnownFileType = sourcecode.swift; path = NodeTypes.swift; sourceTree = "<group>"; };
		BFB2814B2E25B9F000BD1B79 /* InspectorPanel.swift */ = {isa = PBXFileReference; lastKnownFileType = sourcecode.swift; path = InspectorPanel.swift; sourceTree = "<group>"; };
		BFB2814D2E26901C00BD1B79 /* Info.plist */ = {isa = PBXFileReference; lastKnownFileType = text.plist.xml; path = Info.plist; sourceTree = "<group>"; };
		BFB2814F2E26D1F700BD1B79 /* NodeConnection.swift */ = {isa = PBXFileReference; lastKnownFileType = sourcecode.swift; path = NodeConnection.swift; sourceTree = "<group>"; };
		BFB5ACD02E2437010063763C /* CompositorView.swift */ = {isa = PBXFileReference; lastKnownFileType = sourcecode.swift; path = CompositorView.swift; sourceTree = "<group>"; };
		BFB5ACD42E245AE90063763C /* BaseNode.swift */ = {isa = PBXFileReference; lastKnownFileType = sourcecode.swift; path = BaseNode.swift; sourceTree = "<group>"; };
		BFB5ACD62E245B8C0063763C /* ViewNode.swift */ = {isa = PBXFileReference; lastKnownFileType = sourcecode.swift; path = ViewNode.swift; sourceTree = "<group>"; };
		BFB5ACD82E245B9F0063763C /* ViewerPanelController.swift */ = {isa = PBXFileReference; lastKnownFileType = sourcecode.swift; path = ViewerPanelController.swift; sourceTree = "<group>"; };
		BFB5ACDA2E245BBF0063763C /* ViewerPanel.swift */ = {isa = PBXFileReference; lastKnownFileType = sourcecode.swift; path = ViewerPanel.swift; sourceTree = "<group>"; };
		BFB5ACDE2E247F3B0063763C /* NodeGraphPanel.swift */ = {isa = PBXFileReference; lastKnownFileType = sourcecode.swift; path = NodeGraphPanel.swift; sourceTree = "<group>"; };
		BFB5ACE02E247F980063763C /* NodeView.swift */ = {isa = PBXFileReference; lastKnownFileType = sourcecode.swift; path = NodeView.swift; sourceTree = "<group>"; };
		BFB5ACE62E25165C0063763C /* InputNode.swift */ = {isa = PBXFileReference; lastKnownFileType = sourcecode.swift; path = InputNode.swift; sourceTree = "<group>"; };
		BFB5ACEF2E2524E50063763C /* CorrectorNode.swift */ = {isa = PBXFileReference; lastKnownFileType = sourcecode.swift; path = CorrectorNode.swift; sourceTree = "<group>"; };
		BFD2D8D92E1F2C8600BFAC11 /* Compositor.app */ = {isa = PBXFileReference; explicitFileType = wrapper.application; includeInIndex = 0; path = Compositor.app; sourceTree = BUILT_PRODUCTS_DIR; };
		BFD2D8DC2E1F2C8600BFAC11 /* CompositorApp.swift */ = {isa = PBXFileReference; lastKnownFileType = sourcecode.swift; path = CompositorApp.swift; sourceTree = "<group>"; };
		BFD2D8DE2E1F2C8600BFAC11 /* ContentView.swift */ = {isa = PBXFileReference; lastKnownFileType = sourcecode.swift; path = ContentView.swift; sourceTree = "<group>"; };
		BFD2D8E02E1F2C8900BFAC11 /* Assets.xcassets */ = {isa = PBXFileReference; lastKnownFileType = folder.assetcatalog; path = Assets.xcassets; sourceTree = "<group>"; };
		BFD2D8E52E1F2C8900BFAC11 /* Compositor.xcdatamodel */ = {isa = PBXFileReference; lastKnownFileType = wrapper.xcdatamodel; path = Compositor.xcdatamodel; sourceTree = "<group>"; };
		BFD2D8E72E1F2C8900BFAC11 /* Compositor.entitlements */ = {isa = PBXFileReference; lastKnownFileType = text.plist.entitlements; path = Compositor.entitlements; sourceTree = "<group>"; };
		BFD2D8ED2E1F2E1400BFAC11 /* README.md */ = {isa = PBXFileReference; lastKnownFileType = net.daringfireball.markdown; path = README.md; sourceTree = "<group>"; };
		BFD2D93A2E200DF500BFAC11 /* LICENSE.md */ = {isa = PBXFileReference; lastKnownFileType = net.daringfireball.markdown; path = LICENSE.md; sourceTree = "<group>"; };
		BFD2D9402E20128600BFAC11 /* NodeGraph.swift */ = {isa = PBXFileReference; lastKnownFileType = sourcecode.swift; path = NodeGraph.swift; sourceTree = "<group>"; };
		BFF4F3AB2E27ED0F004224AC /* NodeViewConstants.swift */ = {isa = PBXFileReference; lastKnownFileType = sourcecode.swift; path = NodeViewConstants.swift; sourceTree = "<group>"; };
		BFF4F3AD2E29005C004224AC /* NotificationNames.swift */ = {isa = PBXFileReference; lastKnownFileType = sourcecode.swift; path = NotificationNames.swift; sourceTree = "<group>"; };
		BFF4F3B52E29A6EC004224AC /* NodeGraphCache.swift */ = {isa = PBXFileReference; lastKnownFileType = sourcecode.swift; path = NodeGraphCache.swift; sourceTree = "<group>"; };
		BFF4F3B72E29A6F8004224AC /* NodeGraphConnectionManager.swift */ = {isa = PBXFileReference; lastKnownFileType = sourcecode.swift; path = NodeGraphConnectionManager.swift; sourceTree = "<group>"; };
		BFF4F3BB2E29A715004224AC /* NodeGraphSelectionManager.swift */ = {isa = PBXFileReference; lastKnownFileType = sourcecode.swift; path = NodeGraphSelectionManager.swift; sourceTree = "<group>"; };
		BFF4F3BD2E29A87C004224AC /* NodePanelEventHandler.swift */ = {isa = PBXFileReference; lastKnownFileType = sourcecode.swift; path = NodePanelEventHandler.swift; sourceTree = "<group>"; };
		BFFAD0F72E2A7B8F00A00AC6 /* VideoProcessor.swift */ = {isa = PBXFileReference; lastKnownFileType = sourcecode.swift; path = VideoProcessor.swift; sourceTree = "<group>"; };
/* End PBXFileReference section */

/* Begin PBXFrameworksBuildPhase section */
		BFD2D8D62E1F2C8600BFAC11 /* Frameworks */ = {
			isa = PBXFrameworksBuildPhase;
			buildActionMask = 2147483647;
			files = (
			);
			runOnlyForDeploymentPostprocessing = 0;
		};
/* End PBXFrameworksBuildPhase section */

/* Begin PBXGroup section */
		BF0C6D1A2E4BD54400935C53 /* Metal */ = {
			isa = PBXGroup;
			children = (
				BF0C6D3E2E4CA46D00935C53 /* Shaders */,
				BF0C6D1B2E4BD56900935C53 /* MetalRenderer.swift */,
				BF0C6D2E2E4BE6F700935C53 /* MetalRenderingManager.swift */,
				BF0C6D1C2E4BD57A00935C53 /* TextureManager.swift */,
			);
			path = Metal;
			sourceTree = "<group>";
		};
		BF0C6D2C2E4BE5EC00935C53 /* Metal */ = {
			isa = PBXGroup;
			children = (
			);
			path = Metal;
			sourceTree = "<group>";
		};
		BF0C6D312E4BE73E00935C53 /* Settings */ = {
			isa = PBXGroup;
			children = (
				BF0C6D302E4BE73E00935C53 /* MetalSettingsPanel.swift */,
			);
			path = Settings;
			sourceTree = "<group>";
		};
		BF0C6D362E4CA23A00935C53 /* Rendering */ = {
			isa = PBXGroup;
			children = (
				BF0C6D352E4CA23A00935C53 /* NodeGraphRenderStyle.swift */,
			);
			path = Rendering;
			sourceTree = "<group>";
		};
		BF0C6D3B2E4CA46D00935C53 /* Compute */ = {
			isa = PBXGroup;
			children = (
				BF0C6D382E4CA46D00935C53 /* Blur.metal */,
				BF0C6D392E4CA46D00935C53 /* Edge.metal */,
				BF0C6D3A2E4CA46D00935C53 /* Merge.metal */,
			);
			path = Compute;
			sourceTree = "<group>";
		};
		BF0C6D3D2E4CA46D00935C53 /* UI */ = {
			isa = PBXGroup;
			children = (
				BF0C6D3C2E4CA46D00935C53 /* UIPrimitives.metal */,
			);
			path = UI;
			sourceTree = "<group>";
		};
		BF0C6D3E2E4CA46D00935C53 /* Shaders */ = {
			isa = PBXGroup;
			children = (
				BF0C6D3D2E4CA46D00935C53 /* UI */,
				BF0C6D3B2E4CA46D00935C53 /* Compute */,
				BF0C6D4A2E4CA65C00935C53 /* Utils */,
			);
			path = Shaders;
			sourceTree = "<group>";
		};
		BF0C6D4A2E4CA65C00935C53 /* Utils */ = {
			isa = PBXGroup;
			children = (
				BF0C6D482E4CA65C00935C53 /* Color.metal */,
				BF0C6D492E4CA65C00935C53 /* Types.metal */,
			);
			path = Utils;
			sourceTree = "<group>";
		};
		BFB5ACE82E251DD60063763C /* Nodes */ = {
			isa = PBXGroup;
			children = (
				BFB5ACD42E245AE90063763C /* BaseNode.swift */,
				BFFAD0F72E2A7B8F00A00AC6 /* VideoProcessor.swift */,
				BFB5ACD62E245B8C0063763C /* ViewNode.swift */,
				BFB5ACE62E25165C0063763C /* InputNode.swift */,
				BFB5ACEF2E2524E50063763C /* CorrectorNode.swift */,
				BF0C6D222E4BDC2C00935C53 /* MetalNode.swift */,
				BF0C6D232E4BDC2C00935C53 /* NodeFactory.swift */,
			);
			path = Nodes;
			sourceTree = "<group>";
		};
		BFB5ACE92E251DF10063763C /* Graph */ = {
			isa = PBXGroup;
			children = (
				BFB2814F2E26D1F700BD1B79 /* NodeConnection.swift */,
				BFD2D9402E20128600BFAC11 /* NodeGraph.swift */,
				BF7253242E270E15009E80E0 /* NodeTypes.swift */,
				BF5922B32E2BA66500D37CA8 /* NodeGraphProcessor.swift */,
			);
			path = Graph;
			sourceTree = "<group>";
		};
		BFB5ACEA2E251E0F0063763C /* NodeGraph */ = {
			isa = PBXGroup;
			children = (
				BF0C6D362E4CA23A00935C53 /* Rendering */,
				BF0C6D332E4BE9F000935C53 /* MetalNodeGraphCanvas.swift */,
				BFF4F3B52E29A6EC004224AC /* NodeGraphCache.swift */,
				BFF4F3B72E29A6F8004224AC /* NodeGraphConnectionManager.swift */,
				BFF4F3BB2E29A715004224AC /* NodeGraphSelectionManager.swift */,
				BFF4F3BD2E29A87C004224AC /* NodePanelEventHandler.swift */,
				BFB5ACDE2E247F3B0063763C /* NodeGraphPanel.swift */,
				BFB5ACE02E247F980063763C /* NodeView.swift */,
			);
			path = NodeGraph;
			sourceTree = "<group>";
		};
		BFB5ACEB2E251E2A0063763C /* Viewer */ = {
			isa = PBXGroup;
			children = (
				BFB5ACDA2E245BBF0063763C /* ViewerPanel.swift */,
				BFB5ACD82E245B9F0063763C /* ViewerPanelController.swift */,
			);
			path = Viewer;
			sourceTree = "<group>";
		};
		BFB5ACEC2E251E420063763C /* Inspector */ = {
			isa = PBXGroup;
			children = (
				BF0C6D202E4BDB7900935C53 /* MetalNodeInspector.swift */,
				BF5922AB2E2BA2E300D37CA8 /* InputNodeInspector.swift */,
				BFB2814B2E25B9F000BD1B79 /* InspectorPanel.swift */,
				BF5922A72E2BA28000D37CA8 /* NodeHeaderView.swift */,
				BF5922AD2E2BA2F800D37CA8 /* NodeInspectors.swift */,
				BF5922AF2E2BA30100D37CA8 /* VideoInspectorControls.swift */,
				BF5922A92E2BA2BE00D37CA8 /* VideoScrubber.swift */,
			);
			path = Inspector;
			sourceTree = "<group>";
		};
		BFB5ACED2E251E540063763C /* Main */ = {
			isa = PBXGroup;
			children = (
				BFD2D8DE2E1F2C8600BFAC11 /* ContentView.swift */,
				BFB5ACD02E2437010063763C /* CompositorView.swift */,
			);
			path = Main;
			sourceTree = "<group>";
		};
		BFB5ACEE2E251E750063763C /* ViewModels */ = {
			isa = PBXGroup;
			children = (
			);
			path = ViewModels;
			sourceTree = "<group>";
		};
		BFD2D8D02E1F2C8600BFAC11 = {
			isa = PBXGroup;
			children = (
				BFD2D8EF2E1F2E5100BFAC11 /* App */,
				BF0C6D1A2E4BD54400935C53 /* Metal */,
				BFD2D93D2E20123400BFAC11 /* Core */,
				BFB5ACEE2E251E750063763C /* ViewModels */,
				BFD2D8F22E1F2E7F00BFAC11 /* Views */,
				BFD2D8F42E1F2EA000BFAC11 /* Resources */,
				BFD2D8ED2E1F2E1400BFAC11 /* README.md */,
				BFD2D8E72E1F2C8900BFAC11 /* Compositor.entitlements */,
				BFD2D8E42E1F2C8900BFAC11 /* Compositor.xcdatamodeld */,
				BFD2D8DA2E1F2C8600BFAC11 /* Products */,
				BFD2D93A2E200DF500BFAC11 /* LICENSE.md */,
				BFB2814D2E26901C00BD1B79 /* Info.plist */,
			);
			sourceTree = "<group>";
		};
		BFD2D8DA2E1F2C8600BFAC11 /* Products */ = {
			isa = PBXGroup;
			children = (
				BFD2D8D92E1F2C8600BFAC11 /* Compositor.app */,
			);
			name = Products;
			sourceTree = "<group>";
		};
		BFD2D8EF2E1F2E5100BFAC11 /* App */ = {
			isa = PBXGroup;
			children = (
				BFD2D8DC2E1F2C8600BFAC11 /* CompositorApp.swift */,
			);
			path = App;
			sourceTree = "<group>";
		};
		BFD2D8F22E1F2E7F00BFAC11 /* Views */ = {
			isa = PBXGroup;
			children = (
				BFB5ACED2E251E540063763C /* Main */,
				BFB5ACEC2E251E420063763C /* Inspector */,
				BF0C6D2C2E4BE5EC00935C53 /* Metal */,
				BFF4F3B02E293428004224AC /* Constants */,
				BFB5ACEB2E251E2A0063763C /* Viewer */,
				BFB5ACEA2E251E0F0063763C /* NodeGraph */,
				BF0C6D312E4BE73E00935C53 /* Settings */,
			);
			path = Views;
			sourceTree = "<group>";
		};
		BFD2D8F42E1F2EA000BFAC11 /* Resources */ = {
			isa = PBXGroup;
			children = (
				BFD2D8E02E1F2C8900BFAC11 /* Assets.xcassets */,
			);
			path = Resources;
			sourceTree = "<group>";
		};
		BFD2D93D2E20123400BFAC11 /* Core */ = {
			isa = PBXGroup;
			children = (
				BFB5ACE82E251DD60063763C /* Nodes */,
				BFB5ACE92E251DF10063763C /* Graph */,
			);
			path = Core;
			sourceTree = "<group>";
		};
		BFF4F3B02E293428004224AC /* Constants */ = {
			isa = PBXGroup;
			children = (
				BFF4F3AD2E29005C004224AC /* NotificationNames.swift */,
				BFF4F3AB2E27ED0F004224AC /* NodeViewConstants.swift */,
			);
			path = Constants;
			sourceTree = "<group>";
		};
/* End PBXGroup section */

/* Begin PBXNativeTarget section */
		BFD2D8D82E1F2C8600BFAC11 /* Compositor */ = {
			isa = PBXNativeTarget;
			buildConfigurationList = BFD2D8EA2E1F2C8900BFAC11 /* Build configuration list for PBXNativeTarget "Compositor" */;
			buildPhases = (
				BFD2D8D52E1F2C8600BFAC11 /* Sources */,
				BFD2D8D62E1F2C8600BFAC11 /* Frameworks */,
				BFD2D8D72E1F2C8600BFAC11 /* Resources */,
			);
			buildRules = (
			);
			dependencies = (
			);
			name = Compositor;
			packageProductDependencies = (
			);
			productName = Compositor;
			productReference = BFD2D8D92E1F2C8600BFAC11 /* Compositor.app */;
			productType = "com.apple.product-type.application";
		};
/* End PBXNativeTarget section */

/* Begin PBXProject section */
		BFD2D8D12E1F2C8600BFAC11 /* Project object */ = {
			isa = PBXProject;
			attributes = {
				BuildIndependentTargetsInParallel = 1;
				LastSwiftUpdateCheck = 1640;
				LastUpgradeCheck = 1640;
				TargetAttributes = {
					BFD2D8D82E1F2C8600BFAC11 = {
						CreatedOnToolsVersion = 16.4;
					};
				};
			};
			buildConfigurationList = BFD2D8D42E1F2C8600BFAC11 /* Build configuration list for PBXProject "Compositor" */;
			developmentRegion = en;
			hasScannedForEncodings = 0;
			knownRegions = (
				en,
				Base,
			);
			mainGroup = BFD2D8D02E1F2C8600BFAC11;
			minimizedProjectReferenceProxies = 1;
			preferredProjectObjectVersion = 77;
			productRefGroup = BFD2D8DA2E1F2C8600BFAC11 /* Products */;
			projectDirPath = "";
			projectRoot = "";
			targets = (
				BFD2D8D82E1F2C8600BFAC11 /* Compositor */,
			);
		};
/* End PBXProject section */

/* Begin PBXResourcesBuildPhase section */
		BFD2D8D72E1F2C8600BFAC11 /* Resources */ = {
			isa = PBXResourcesBuildPhase;
			buildActionMask = 2147483647;
			files = (
				BFB2814E2E26901C00BD1B79 /* Info.plist in Resources */,
				BFD2D8EE2E1F2E1A00BFAC11 /* README.md in Resources */,
				BFD2D93B2E200DF900BFAC11 /* LICENSE.md in Resources */,
				BFD2D8E12E1F2C8900BFAC11 /* Assets.xcassets in Resources */,
			);
			runOnlyForDeploymentPostprocessing = 0;
		};
/* End PBXResourcesBuildPhase section */

/* Begin PBXSourcesBuildPhase section */
		BFD2D8D52E1F2C8600BFAC11 /* Sources */ = {
			isa = PBXSourcesBuildPhase;
			buildActionMask = 2147483647;
			files = (
				BFFAD0F82E2A7B8F00A00AC6 /* VideoProcessor.swift in Sources */,
				BFD2D8DF2E1F2C8600BFAC11 /* ContentView.swift in Sources */,
				BF0C6D272E4BE1AA00935C53 /* TextureManager.swift in Sources */,
				BFB5ACF02E2524E50063763C /* CorrectorNode.swift in Sources */,
				BF5922AA2E2BA2BE00D37CA8 /* VideoScrubber.swift in Sources */,
				BF5922AC2E2BA2E300D37CA8 /* InputNodeInspector.swift in Sources */,
				BF0C6D322E4BE73E00935C53 /* MetalSettingsPanel.swift in Sources */,
				BFB5ACDB2E245BC00063763C /* ViewerPanel.swift in Sources */,
				BF0C6D4B2E4CA65C00935C53 /* Color.metal in Sources */,
				BF0C6D4C2E4CA65C00935C53 /* Types.metal in Sources */,
				BFB5ACE72E25165C0063763C /* InputNode.swift in Sources */,
				BF0C6D3F2E4CA46D00935C53 /* Merge.metal in Sources */,
				BF0C6D402E4CA46D00935C53 /* Blur.metal in Sources */,
				BF0C6D412E4CA46D00935C53 /* Edge.metal in Sources */,
				BF0C6D422E4CA46D00935C53 /* UIPrimitives.metal in Sources */,
				BF0C6D342E4BE9F000935C53 /* MetalNodeGraphCanvas.swift in Sources */,
				BFF4F3AC2E27ED10004224AC /* NodeViewConstants.swift in Sources */,
				BF0C6D372E4CA23A00935C53 /* NodeGraphRenderStyle.swift in Sources */,
				BFB5ACE12E247F980063763C /* NodeView.swift in Sources */,
				BF7253252E270E15009E80E0 /* NodeTypes.swift in Sources */,
				BFB281502E26D1F700BD1B79 /* NodeConnection.swift in Sources */,
				BFD2D8E62E1F2C8900BFAC11 /* Compositor.xcdatamodeld in Sources */,
				BF0C6D2F2E4BE6F700935C53 /* MetalRenderingManager.swift in Sources */,
				BFB5ACD52E245AF30063763C /* BaseNode.swift in Sources */,
				BF0C6D242E4BDC2C00935C53 /* NodeFactory.swift in Sources */,
				BF0C6D262E4BE1A600935C53 /* MetalRenderer.swift in Sources */,
				BF0C6D252E4BDC2C00935C53 /* MetalNode.swift in Sources */,
				BFB5ACD12E2437010063763C /* CompositorView.swift in Sources */,
				BFF4F3BC2E29A715004224AC /* NodeGraphSelectionManager.swift in Sources */,
				BFF4F3BE2E29A87C004224AC /* NodePanelEventHandler.swift in Sources */,
				BF5922A82E2BA28000D37CA8 /* NodeHeaderView.swift in Sources */,
				BF5922AE2E2BA2F800D37CA8 /* NodeInspectors.swift in Sources */,
				BFB5ACD92E245B9F0063763C /* ViewerPanelController.swift in Sources */,
				BFF4F3B82E29A6F8004224AC /* NodeGraphConnectionManager.swift in Sources */,
				BFD2D8DD2E1F2C8600BFAC11 /* CompositorApp.swift in Sources */,
				BFF4F3AE2E29005C004224AC /* NotificationNames.swift in Sources */,
				BF0C6D212E4BDB7900935C53 /* MetalNodeInspector.swift in Sources */,
				BFD2D9412E20128600BFAC11 /* NodeGraph.swift in Sources */,
				BFB5ACD72E245B8C0063763C /* ViewNode.swift in Sources */,
				BF5922B42E2BA66500D37CA8 /* NodeGraphProcessor.swift in Sources */,
				BFB2814C2E25B9F500BD1B79 /* InspectorPanel.swift in Sources */,
				BFB5ACDF2E247F3C0063763C /* NodeGraphPanel.swift in Sources */,
				BFF4F3B62E29A6EC004224AC /* NodeGraphCache.swift in Sources */,
				BF5922B02E2BA30100D37CA8 /* VideoInspectorControls.swift in Sources */,
			);
			runOnlyForDeploymentPostprocessing = 0;
		};
/* End PBXSourcesBuildPhase section */

/* Begin XCBuildConfiguration section */
		BFD2D8E82E1F2C8900BFAC11 /* Debug */ = {
			isa = XCBuildConfiguration;
			buildSettings = {
				ALWAYS_SEARCH_USER_PATHS = NO;
				ASSETCATALOG_COMPILER_GENERATE_SWIFT_ASSET_SYMBOL_EXTENSIONS = YES;
				CLANG_ANALYZER_NONNULL = YES;
				CLANG_ANALYZER_NUMBER_OBJECT_CONVERSION = YES_AGGRESSIVE;
				CLANG_CXX_LANGUAGE_STANDARD = "gnu++20";
				CLANG_ENABLE_MODULES = YES;
				CLANG_ENABLE_OBJC_ARC = YES;
				CLANG_ENABLE_OBJC_WEAK = YES;
				CLANG_WARN_BLOCK_CAPTURE_AUTORELEASING = YES;
				CLANG_WARN_BOOL_CONVERSION = YES;
				CLANG_WARN_COMMA = YES;
				CLANG_WARN_CONSTANT_CONVERSION = YES;
				CLANG_WARN_DEPRECATED_OBJC_IMPLEMENTATIONS = YES;
				CLANG_WARN_DIRECT_OBJC_ISA_USAGE = YES_ERROR;
				CLANG_WARN_DOCUMENTATION_COMMENTS = YES;
				CLANG_WARN_EMPTY_BODY = YES;
				CLANG_WARN_ENUM_CONVERSION = YES;
				CLANG_WARN_INFINITE_RECURSION = YES;
				CLANG_WARN_INT_CONVERSION = YES;
				CLANG_WARN_NON_LITERAL_NULL_CONVERSION = YES;
				CLANG_WARN_OBJC_IMPLICIT_RETAIN_SELF = YES;
				CLANG_WARN_OBJC_LITERAL_CONVERSION = YES;
				CLANG_WARN_OBJC_ROOT_CLASS = YES_ERROR;
				CLANG_WARN_QUOTED_INCLUDE_IN_FRAMEWORK_HEADER = YES;
				CLANG_WARN_RANGE_LOOP_ANALYSIS = YES;
				CLANG_WARN_STRICT_PROTOTYPES = YES;
				CLANG_WARN_SUSPICIOUS_MOVE = YES;
				CLANG_WARN_UNGUARDED_AVAILABILITY = YES_AGGRESSIVE;
				CLANG_WARN_UNREACHABLE_CODE = YES;
				CLANG_WARN__DUPLICATE_METHOD_MATCH = YES;
				COPY_PHASE_STRIP = NO;
				DEBUG_INFORMATION_FORMAT = dwarf;
				DEVELOPMENT_TEAM = PK2473XF3P;
				ENABLE_STRICT_OBJC_MSGSEND = YES;
				ENABLE_TESTABILITY = YES;
				ENABLE_USER_SCRIPT_SANDBOXING = YES;
				GCC_C_LANGUAGE_STANDARD = gnu17;
				GCC_DYNAMIC_NO_PIC = NO;
				GCC_NO_COMMON_BLOCKS = YES;
				GCC_OPTIMIZATION_LEVEL = 0;
				GCC_PREPROCESSOR_DEFINITIONS = (
					"DEBUG=1",
					"$(inherited)",
				);
				GCC_WARN_64_TO_32_BIT_CONVERSION = YES;
				GCC_WARN_ABOUT_RETURN_TYPE = YES_ERROR;
				GCC_WARN_UNDECLARED_SELECTOR = YES;
				GCC_WARN_UNINITIALIZED_AUTOS = YES_AGGRESSIVE;
				GCC_WARN_UNUSED_FUNCTION = YES;
				GCC_WARN_UNUSED_VARIABLE = YES;
				LOCALIZATION_PREFERS_STRING_CATALOGS = YES;
				MACOSX_DEPLOYMENT_TARGET = 15.5;
				MTL_ENABLE_DEBUG_INFO = INCLUDE_SOURCE;
				MTL_FAST_MATH = YES;
				ONLY_ACTIVE_ARCH = YES;
				SDKROOT = macosx;
				SWIFT_ACTIVE_COMPILATION_CONDITIONS = "DEBUG $(inherited)";
				SWIFT_OPTIMIZATION_LEVEL = "-Onone";
			};
			name = Debug;
		};
		BFD2D8E92E1F2C8900BFAC11 /* Release */ = {
			isa = XCBuildConfiguration;
			buildSettings = {
				ALWAYS_SEARCH_USER_PATHS = NO;
				ASSETCATALOG_COMPILER_GENERATE_SWIFT_ASSET_SYMBOL_EXTENSIONS = YES;
				CLANG_ANALYZER_NONNULL = YES;
				CLANG_ANALYZER_NUMBER_OBJECT_CONVERSION = YES_AGGRESSIVE;
				CLANG_CXX_LANGUAGE_STANDARD = "gnu++20";
				CLANG_ENABLE_MODULES = YES;
				CLANG_ENABLE_OBJC_ARC = YES;
				CLANG_ENABLE_OBJC_WEAK = YES;
				CLANG_WARN_BLOCK_CAPTURE_AUTORELEASING = YES;
				CLANG_WARN_BOOL_CONVERSION = YES;
				CLANG_WARN_COMMA = YES;
				CLANG_WARN_CONSTANT_CONVERSION = YES;
				CLANG_WARN_DEPRECATED_OBJC_IMPLEMENTATIONS = YES;
				CLANG_WARN_DIRECT_OBJC_ISA_USAGE = YES_ERROR;
				CLANG_WARN_DOCUMENTATION_COMMENTS = YES;
				CLANG_WARN_EMPTY_BODY = YES;
				CLANG_WARN_ENUM_CONVERSION = YES;
				CLANG_WARN_INFINITE_RECURSION = YES;
				CLANG_WARN_INT_CONVERSION = YES;
				CLANG_WARN_NON_LITERAL_NULL_CONVERSION = YES;
				CLANG_WARN_OBJC_IMPLICIT_RETAIN_SELF = YES;
				CLANG_WARN_OBJC_LITERAL_CONVERSION = YES;
				CLANG_WARN_OBJC_ROOT_CLASS = YES_ERROR;
				CLANG_WARN_QUOTED_INCLUDE_IN_FRAMEWORK_HEADER = YES;
				CLANG_WARN_RANGE_LOOP_ANALYSIS = YES;
				CLANG_WARN_STRICT_PROTOTYPES = YES;
				CLANG_WARN_SUSPICIOUS_MOVE = YES;
				CLANG_WARN_UNGUARDED_AVAILABILITY = YES_AGGRESSIVE;
				CLANG_WARN_UNREACHABLE_CODE = YES;
				CLANG_WARN__DUPLICATE_METHOD_MATCH = YES;
				COPY_PHASE_STRIP = NO;
				DEBUG_INFORMATION_FORMAT = "dwarf-with-dsym";
				DEVELOPMENT_TEAM = PK2473XF3P;
				ENABLE_NS_ASSERTIONS = NO;
				ENABLE_STRICT_OBJC_MSGSEND = YES;
				ENABLE_USER_SCRIPT_SANDBOXING = YES;
				GCC_C_LANGUAGE_STANDARD = gnu17;
				GCC_NO_COMMON_BLOCKS = YES;
				GCC_WARN_64_TO_32_BIT_CONVERSION = YES;
				GCC_WARN_ABOUT_RETURN_TYPE = YES_ERROR;
				GCC_WARN_UNDECLARED_SELECTOR = YES;
				GCC_WARN_UNINITIALIZED_AUTOS = YES_AGGRESSIVE;
				GCC_WARN_UNUSED_FUNCTION = YES;
				GCC_WARN_UNUSED_VARIABLE = YES;
				LOCALIZATION_PREFERS_STRING_CATALOGS = YES;
				MACOSX_DEPLOYMENT_TARGET = 15.5;
				MTL_ENABLE_DEBUG_INFO = NO;
				MTL_FAST_MATH = YES;
				SDKROOT = macosx;
				SWIFT_COMPILATION_MODE = wholemodule;
			};
			name = Release;
		};
		BFD2D8EB2E1F2C8900BFAC11 /* Debug */ = {
			isa = XCBuildConfiguration;
			buildSettings = {
				ASSETCATALOG_COMPILER_APPICON_NAME = AppIcon;
				ASSETCATALOG_COMPILER_GLOBAL_ACCENT_COLOR_NAME = AccentColor;
				ASSETCATALOG_COMPILER_INCLUDE_ALL_APPICON_ASSETS = NO;
				CODE_SIGN_ENTITLEMENTS = Compositor.entitlements;
				CODE_SIGN_STYLE = Automatic;
				COMBINE_HIDPI_IMAGES = YES;
				CURRENT_PROJECT_VERSION = CFBundleVersion;
				DEVELOPMENT_TEAM = PK2473XF3P;
				ENABLE_HARDENED_RUNTIME = YES;
				ENABLE_PREVIEWS = YES;
				GENERATE_INFOPLIST_FILE = YES;
				INFOPLIST_KEY_CFBundleDisplayName = Compositor;
				INFOPLIST_KEY_LSApplicationCategoryType = "public.app-category.video";
				INFOPLIST_KEY_NSHumanReadableCopyright = "";
				LD_RUNPATH_SEARCH_PATHS = (
					"$(inherited)",
					"@executable_path/../Frameworks",
				);
				MACOSX_DEPLOYMENT_TARGET = 14.6;
				MARKETING_VERSION = CFBundleShortVersionString;
				PRODUCT_BUNDLE_IDENTIFIER = MaxEliseyev.Compositor;
				PRODUCT_NAME = "$(TARGET_NAME)";
				REGISTER_APP_GROUPS = YES;
				SUPPORTED_PLATFORMS = "iphoneos iphonesimulator macosx";
				SUPPORTS_MACCATALYST = NO;
				SWIFT_EMIT_LOC_STRINGS = YES;
				SWIFT_VERSION = 5.0;
				TARGETED_DEVICE_FAMILY = 2;
			};
			name = Debug;
		};
		BFD2D8EC2E1F2C8900BFAC11 /* Release */ = {
			isa = XCBuildConfiguration;
			buildSettings = {
				ASSETCATALOG_COMPILER_APPICON_NAME = AppIcon;
				ASSETCATALOG_COMPILER_GLOBAL_ACCENT_COLOR_NAME = AccentColor;
				ASSETCATALOG_COMPILER_INCLUDE_ALL_APPICON_ASSETS = NO;
				CODE_SIGN_ENTITLEMENTS = Compositor.entitlements;
				CODE_SIGN_STYLE = Automatic;
				COMBINE_HIDPI_IMAGES = YES;
				CURRENT_PROJECT_VERSION = CFBundleVersion;
				DEVELOPMENT_TEAM = PK2473XF3P;
				ENABLE_HARDENED_RUNTIME = YES;
				ENABLE_PREVIEWS = YES;
				GENERATE_INFOPLIST_FILE = YES;
				INFOPLIST_KEY_CFBundleDisplayName = Compositor;
				INFOPLIST_KEY_LSApplicationCategoryType = "public.app-category.video";
				INFOPLIST_KEY_NSHumanReadableCopyright = "";
				LD_RUNPATH_SEARCH_PATHS = (
					"$(inherited)",
					"@executable_path/../Frameworks",
				);
				MACOSX_DEPLOYMENT_TARGET = 14.6;
				MARKETING_VERSION = CFBundleShortVersionString;
				PRODUCT_BUNDLE_IDENTIFIER = MaxEliseyev.Compositor;
				PRODUCT_NAME = "$(TARGET_NAME)";
				REGISTER_APP_GROUPS = YES;
				SUPPORTED_PLATFORMS = "iphoneos iphonesimulator macosx";
				SUPPORTS_MACCATALYST = NO;
				SWIFT_EMIT_LOC_STRINGS = YES;
				SWIFT_VERSION = 5.0;
				TARGETED_DEVICE_FAMILY = 2;
			};
			name = Release;
		};
/* End XCBuildConfiguration section */

/* Begin XCConfigurationList section */
		BFD2D8D42E1F2C8600BFAC11 /* Build configuration list for PBXProject "Compositor" */ = {
			isa = XCConfigurationList;
			buildConfigurations = (
				BFD2D8E82E1F2C8900BFAC11 /* Debug */,
				BFD2D8E92E1F2C8900BFAC11 /* Release */,
			);
			defaultConfigurationIsVisible = 0;
			defaultConfigurationName = Release;
		};
		BFD2D8EA2E1F2C8900BFAC11 /* Build configuration list for PBXNativeTarget "Compositor" */ = {
			isa = XCConfigurationList;
			buildConfigurations = (
				BFD2D8EB2E1F2C8900BFAC11 /* Debug */,
				BFD2D8EC2E1F2C8900BFAC11 /* Release */,
			);
			defaultConfigurationIsVisible = 0;
			defaultConfigurationName = Release;
		};
/* End XCConfigurationList section */

/* Begin XCVersionGroup section */
		BFD2D8E42E1F2C8900BFAC11 /* Compositor.xcdatamodeld */ = {
			isa = XCVersionGroup;
			children = (
				BFD2D8E52E1F2C8900BFAC11 /* Compositor.xcdatamodel */,
			);
			currentVersion = BFD2D8E52E1F2C8900BFAC11 /* Compositor.xcdatamodel */;
			path = Compositor.xcdatamodeld;
			sourceTree = "<group>";
			versionGroupType = wrapper.xcdatamodel;
		};
/* End XCVersionGroup section */
	};
	rootObject = BFD2D8D12E1F2C8600BFAC11 /* Project object */;
}
